{
  "name": "deep_set_lib",
  "version": "1.0.0",
  "lockfileVersion": 2,
  "requires": true,
  "packages": {
    "": {
      "name": "deep_set_lib",
      "version": "1.0.0",
      "license": "ISC",
      "dependencies": {
        "deep-set": "1.0.0"
      },
      "devDependencies": {}
    },
    "node_modules/deep-set": {
      "version": "1.0.0",
      "resolved": "https://registry.npmjs.org/deep-set/-/deep-set-1.0.0.tgz",
      "integrity": "sha1-9lOR2IroHwKIWOIGjcgzlzfBkF0=",
      "deprecated": "Package no longer supported. Please use lodash.set (https://lodash.com/docs/4.17.15#set)"
    }
  },
  "dependencies": {
    "deep-set": {
      "version": "1.0.0",
      "resolved": "https://registry.npmjs.org/deep-set/-/deep-set-1.0.0.tgz",
      "integrity": "sha1-9lOR2IroHwKIWOIGjcgzlzfBkF0="
    }
  }
}
