{
  "name": "object_path_set_lib",
  "version": "1.0.0",
  "lockfileVersion": 2,
  "requires": true,
  "packages": {
    "": {
      "name": "object_path_set_lib",
      "version": "1.0.0",
      "license": "ISC",
      "dependencies": {
        "object-path-set": "1.0.0"
      },
      "devDependencies": {}
    },
    "node_modules/object-path-set": {
      "version": "1.0.0",
      "resolved": "https://registry.npmjs.org/object-path-set/-/object-path-set-1.0.0.tgz",
      "integrity": "sha1-yDPK6NhGZSNLqTgQgk55BJaicN0="
    }
  },
  "dependencies": {
    "object-path-set": {
      "version": "1.0.0",
      "resolved": "https://registry.npmjs.org/object-path-set/-/object-path-set-1.0.0.tgz",
      "integrity": "sha1-yDPK6NhGZSNLqTgQgk55BJaicN0="
    }
  }
}
