{
  "name": "upmerge_lib",
  "version": "1.0.0",
  "lockfileVersion": 2,
  "requires": true,
  "packages": {
    "": {
      "name": "upmerge_lib",
      "version": "1.0.0",
      "license": "ISC",
      "dependencies": {
        "upmerge": "0.1.7"
      },
      "devDependencies": {}
    },
    "node_modules/upmerge": {
      "version": "0.1.7",
      "resolved": "https://registry.npmjs.org/upmerge/-/upmerge-0.1.7.tgz",
      "integrity": "sha1-f2zQgsK0Kg5wc/NQGDWXi11lPFI="
    }
  },
  "dependencies": {
    "upmerge": {
      "version": "0.1.7",
      "resolved": "https://registry.npmjs.org/upmerge/-/upmerge-0.1.7.tgz",
      "integrity": "sha1-f2zQgsK0Kg5wc/NQGDWXi11lPFI="
    }
  }
}
