{
  "name": "merge_lib",
  "version": "1.0.0",
  "lockfileVersion": 2,
  "requires": true,
  "packages": {
    "": {
      "name": "merge_lib",
      "version": "1.0.0",
      "license": "ISC",
      "dependencies": {
        "merge": "2.1.0"
      },
      "devDependencies": {}
    },
    "node_modules/merge": {
      "version": "2.1.0",
      "resolved": "https://registry.npmjs.org/merge/-/merge-2.1.0.tgz",
      "integrity": "sha512-TcuhVDV+e6X457MQAm7xIb19rWhZuEDEho7RrwxMpQ/3GhD5sDlnP188gjQQuweXHy9igdke5oUtVOXX1X8Sxg=="
    }
  },
  "dependencies": {
    "merge": {
      "version": "2.1.0",
      "resolved": "https://registry.npmjs.org/merge/-/merge-2.1.0.tgz",
      "integrity": "sha512-TcuhVDV+e6X457MQAm7xIb19rWhZuEDEho7RrwxMpQ/3GhD5sDlnP188gjQQuweXHy9igdke5oUtVOXX1X8Sxg=="
    }
  }
}
