{
  "name": "asciitable_lib",
  "version": "1.0.0",
  "lockfileVersion": 2,
  "requires": true,
  "packages": {
    "": {
      "name": "asciitable_lib",
      "version": "1.0.0",
      "license": "ISC",
      "dependencies": {
        "asciitable.js": "1.0.2"
      },
      "devDependencies": {}
    },
    "node_modules/asciitable.js": {
      "version": "1.0.2",
      "resolved": "https://registry.npmjs.org/asciitable.js/-/asciitable.js-1.0.2.tgz",
      "integrity": "sha1-SPXhTWq1Nz9yW85ipbn9yD7B90g="
    }
  },
  "dependencies": {
    "asciitable.js": {
      "version": "1.0.2",
      "resolved": "https://registry.npmjs.org/asciitable.js/-/asciitable.js-1.0.2.tgz",
      "integrity": "sha1-SPXhTWq1Nz9yW85ipbn9yD7B90g="
    }
  }
}
