{
  "name": "safe-obj_lib",
  "version": "1.0.0",
  "lockfileVersion": 2,
  "requires": true,
  "packages": {
    "": {
      "name": "safe-obj_lib",
      "version": "1.0.0",
      "license": "ISC",
      "dependencies": {
        "safe-obj": "1.0.0"
      },
      "devDependencies": {}
    },
    "node_modules/safe-obj": {
      "version": "1.0.0",
      "resolved": "https://registry.npmjs.org/safe-obj/-/safe-obj-1.0.0.tgz",
      "integrity": "sha1-Yh8JNJr/DDgQjkFlAksL6LXD5RA=",
      "deprecated": "This package is no longer necessary or maintained. Please use lodash _.get or optional chaining for the same behavior.",
      "engines": {
        "node": ">=0.8.0"
      }
    }
  },
  "dependencies": {
    "safe-obj": {
      "version": "1.0.0",
      "resolved": "https://registry.npmjs.org/safe-obj/-/safe-obj-1.0.0.tgz",
      "integrity": "sha1-Yh8JNJr/DDgQjkFlAksL6LXD5RA="
    }
  }
}
