{
  "name": "changeset_lib",
  "version": "1.0.0",
  "lockfileVersion": 2,
  "requires": true,
  "packages": {
    "": {
      "name": "changeset_lib",
      "version": "1.0.0",
      "license": "ISC",
      "dependencies": {
        "changeset": "0.1.0"
      },
      "devDependencies": {}
    },
    "node_modules/changeset": {
      "version": "0.1.0",
      "resolved": "https://registry.npmjs.org/changeset/-/changeset-0.1.0.tgz",
      "integrity": "sha1-Sgp9RIDCyUHrS2zxoN3cEoZneBE=",
      "dependencies": {
        "udc": "^1.0.0",
        "underscore": "~1.4.4"
      }
    },
    "node_modules/udc": {
      "version": "1.0.1",
      "resolved": "https://registry.npmjs.org/udc/-/udc-1.0.1.tgz",
      "integrity": "sha1-xeYkSKzzXqpSTVw2mMhjpbrEa/w="
    },
    "node_modules/underscore": {
      "version": "1.4.4",
      "resolved": "https://registry.npmjs.org/underscore/-/underscore-1.4.4.tgz",
      "integrity": "sha1-YaajIBBiKvoHljvzJSA88SI51gQ="
    }
  },
  "dependencies": {
    "changeset": {
      "version": "0.1.0",
      "resolved": "https://registry.npmjs.org/changeset/-/changeset-0.1.0.tgz",
      "integrity": "sha1-Sgp9RIDCyUHrS2zxoN3cEoZneBE=",
      "requires": {
        "udc": "^1.0.0",
        "underscore": "~1.4.4"
      }
    },
    "udc": {
      "version": "1.0.1",
      "resolved": "https://registry.npmjs.org/udc/-/udc-1.0.1.tgz",
      "integrity": "sha1-xeYkSKzzXqpSTVw2mMhjpbrEa/w="
    },
    "underscore": {
      "version": "1.4.4",
      "resolved": "https://registry.npmjs.org/underscore/-/underscore-1.4.4.tgz",
      "integrity": "sha1-YaajIBBiKvoHljvzJSA88SI51gQ="
    }
  }
}
