{
  "name": "property_expr_lib",
  "version": "1.0.0",
  "lockfileVersion": 2,
  "requires": true,
  "packages": {
    "": {
      "name": "property_expr_lib",
      "version": "1.0.0",
      "license": "ISC",
      "dependencies": {
        "property-expr": "2.0.2"
      },
      "devDependencies": {}
    },
    "node_modules/property-expr": {
      "version": "2.0.2",
      "resolved": "https://registry.npmjs.org/property-expr/-/property-expr-2.0.2.tgz",
      "integrity": "sha512-bc/5ggaYZxNkFKj374aLbEDqVADdYaLcFo8XBkishUWbaAdjlphaBFns9TvRA2pUseVL/wMFmui9X3IdNDU37g=="
    }
  },
  "dependencies": {
    "property-expr": {
      "version": "2.0.2",
      "resolved": "https://registry.npmjs.org/property-expr/-/property-expr-2.0.2.tgz",
      "integrity": "sha512-bc/5ggaYZxNkFKj374aLbEDqVADdYaLcFo8XBkishUWbaAdjlphaBFns9TvRA2pUseVL/wMFmui9X3IdNDU37g=="
    }
  }
}
