{
  "name": "ini_parser_lib",
  "version": "1.0.0",
  "lockfileVersion": 2,
  "requires": true,
  "packages": {
    "": {
      "name": "ini_parser_lib",
      "version": "1.0.0",
      "license": "ISC",
      "dependencies": {
        "ini-parser": "0.0.2"
      },
      "devDependencies": {}
    },
    "node_modules/ini-parser": {
      "version": "0.0.2",
      "resolved": "https://registry.npmjs.org/ini-parser/-/ini-parser-0.0.2.tgz",
      "integrity": "sha1-+kF4flZ3Y7P/Zdel2alO23QHh+8="
    }
  },
  "dependencies": {
    "ini-parser": {
      "version": "0.0.2",
      "resolved": "https://registry.npmjs.org/ini-parser/-/ini-parser-0.0.2.tgz",
      "integrity": "sha1-+kF4flZ3Y7P/Zdel2alO23QHh+8="
    }
  }
}
