{
  "name": "json8_merge_patch_lib",
  "version": "1.0.0",
  "lockfileVersion": 2,
  "requires": true,
  "packages": {
    "": {
      "name": "json8_merge_patch_lib",
      "version": "1.0.0",
      "license": "ISC",
      "dependencies": {
        "json8-merge-patch": "1.0.1"
      },
      "devDependencies": {}
    },
    "node_modules/json8": {
      "version": "1.0.5",
      "resolved": "https://registry.npmjs.org/json8/-/json8-1.0.5.tgz",
      "integrity": "sha512-TnyzPW+84OwR9znGJ1DeJkucxkCEP37vNLoPuK7p0VJ3MrjhxgW+t+AbkW9vfNzxMv0tIDvzOYS1rJ7eUdcTwA==",
      "engines": {
        "node": ">= 7.6.0"
      }
    },
    "node_modules/json8-merge-patch": {
      "version": "1.0.1",
      "resolved": "https://registry.npmjs.org/json8-merge-patch/-/json8-merge-patch-1.0.1.tgz",
      "integrity": "sha512-j6LO0N3gX6xiEpvK41B0D3bheBPaa4GZCw631RZNVbQonireWMnzEzC0UcBfesgRaFXEubfCMPHtN8EWieL9VQ==",
      "dependencies": {
        "json8": "^1.0.1"
      },
      "engines": {
        "node": ">= 7.6.0"
      }
    }
  },
  "dependencies": {
    "json8": {
      "version": "1.0.5",
      "resolved": "https://registry.npmjs.org/json8/-/json8-1.0.5.tgz",
      "integrity": "sha512-TnyzPW+84OwR9znGJ1DeJkucxkCEP37vNLoPuK7p0VJ3MrjhxgW+t+AbkW9vfNzxMv0tIDvzOYS1rJ7eUdcTwA=="
    },
    "json8-merge-patch": {
      "version": "1.0.1",
      "resolved": "https://registry.npmjs.org/json8-merge-patch/-/json8-merge-patch-1.0.1.tgz",
      "integrity": "sha512-j6LO0N3gX6xiEpvK41B0D3bheBPaa4GZCw631RZNVbQonireWMnzEzC0UcBfesgRaFXEubfCMPHtN8EWieL9VQ==",
      "requires": {
        "json8": "^1.0.1"
      }
    }
  }
}
