{
  "name": "libnested_lib",
  "version": "1.0.0",
  "lockfileVersion": 2,
  "requires": true,
  "packages": {
    "": {
      "name": "libnested_lib",
      "version": "1.0.0",
      "license": "ISC",
      "dependencies": {
        "libnested": "1.5.0"
      },
      "devDependencies": {}
    },
    "node_modules/libnested": {
      "version": "1.5.0",
      "resolved": "https://registry.npmjs.org/libnested/-/libnested-1.5.0.tgz",
      "integrity": "sha512-IR5ASkAU4NHTN1JFeP9bYvhARhaBg8VD8yUcmvNIvFWg6L3dsM2yK1A9EM6MpPvWYKH9SEiljB59ZUa5s2pYnA=="
    }
  },
  "dependencies": {
    "libnested": {
      "version": "1.5.0",
      "resolved": "https://registry.npmjs.org/libnested/-/libnested-1.5.0.tgz",
      "integrity": "sha512-IR5ASkAU4NHTN1JFeP9bYvhARhaBg8VD8yUcmvNIvFWg6L3dsM2yK1A9EM6MpPvWYKH9SEiljB59ZUa5s2pYnA=="
    }
  }
}
