{
  "name": "paypal_adaptive_lib",
  "version": "1.0.0",
  "lockfileVersion": 2,
  "requires": true,
  "packages": {
    "": {
      "name": "paypal_adaptive_lib",
      "version": "1.0.0",
      "license": "ISC",
      "dependencies": {
        "paypal-adaptive": "0.4.1"
      },
      "devDependencies": {}
    },
    "node_modules/paypal-adaptive": {
      "version": "0.4.1",
      "resolved": "https://registry.npmjs.org/paypal-adaptive/-/paypal-adaptive-0.4.1.tgz",
      "integrity": "sha1-TYeNYMnIgutUFIcibjWSuzNeRgk="
    }
  },
  "dependencies": {
    "paypal-adaptive": {
      "version": "0.4.1",
      "resolved": "https://registry.npmjs.org/paypal-adaptive/-/paypal-adaptive-0.4.1.tgz",
      "integrity": "sha1-TYeNYMnIgutUFIcibjWSuzNeRgk="
    }
  }
}
