{
  "name": "gammautils_lib",
  "version": "1.0.0",
  "lockfileVersion": 2,
  "requires": true,
  "packages": {
    "": {
      "name": "gammautils_lib",
      "version": "1.0.0",
      "license": "ISC",
      "dependencies": {
        "gammautils": "0.0.81"
      },
      "devDependencies": {}
    },
    "node_modules/gammautils": {
      "version": "0.0.81",
      "resolved": "https://registry.npmjs.org/gammautils/-/gammautils-0.0.81.tgz",
      "integrity": "sha1-sGyXFRfAnJzzL6N1uNWEKkn1/5s="
    }
  },
  "dependencies": {
    "gammautils": {
      "version": "0.0.81",
      "resolved": "https://registry.npmjs.org/gammautils/-/gammautils-0.0.81.tgz",
      "integrity": "sha1-sGyXFRfAnJzzL6N1uNWEKkn1/5s="
    }
  }
}
