{
  "name": "js_ini_lib",
  "version": "1.0.0",
  "lockfileVersion": 2,
  "requires": true,
  "packages": {
    "": {
      "name": "js_ini_lib",
      "version": "1.0.0",
      "license": "ISC",
      "dependencies": {
        "fs": "0.0.1-security",
        "js-ini": "1.2.0"
      },
      "devDependencies": {}
    },
    "node_modules/fs": {
      "version": "0.0.1-security",
      "resolved": "https://registry.npmjs.org/fs/-/fs-0.0.1-security.tgz",
      "integrity": "sha1-invTcYa23d84E/I4WLV+yq9eQdQ="
    },
    "node_modules/js-ini": {
      "version": "1.2.0",
      "resolved": "https://registry.npmjs.org/js-ini/-/js-ini-1.2.0.tgz",
      "integrity": "sha512-pfgmRIkB8rCa1GoK3qdaRqRLcx/n2NxT1Z7eAJIE5CDdJFSzsIIR4ya+kI2VUuVk5+XjhKBrb3maAqGMtblC2Q=="
    }
  },
  "dependencies": {
    "fs": {
      "version": "0.0.1-security",
      "resolved": "https://registry.npmjs.org/fs/-/fs-0.0.1-security.tgz",
      "integrity": "sha1-invTcYa23d84E/I4WLV+yq9eQdQ="
    },
    "js-ini": {
      "version": "1.2.0",
      "resolved": "https://registry.npmjs.org/js-ini/-/js-ini-1.2.0.tgz",
      "integrity": "sha512-pfgmRIkB8rCa1GoK3qdaRqRLcx/n2NxT1Z7eAJIE5CDdJFSzsIIR4ya+kI2VUuVk5+XjhKBrb3maAqGMtblC2Q=="
    }
  }
}
