{
  "name": "js_data_lib",
  "version": "1.0.0",
  "lockfileVersion": 2,
  "requires": true,
  "packages": {
    "": {
      "name": "js_data_lib",
      "version": "1.0.0",
      "license": "ISC",
      "dependencies": {
        "js-data": "3.0.8"
      },
      "devDependencies": {}
    },
    "node_modules/js-data": {
      "version": "3.0.8",
      "resolved": "https://registry.npmjs.org/js-data/-/js-data-3.0.8.tgz",
      "integrity": "sha512-1Buf2CyNA5q98+/krTiTXiBBOK7eWF/dnDk8lUeP2XDVxkN8kkWIN9Q+5KqGQyJ/izjB6tRudF9vWFBsvIFakA=="
    }
  },
  "dependencies": {
    "js-data": {
      "version": "3.0.8",
      "resolved": "https://registry.npmjs.org/js-data/-/js-data-3.0.8.tgz",
      "integrity": "sha512-1Buf2CyNA5q98+/krTiTXiBBOK7eWF/dnDk8lUeP2XDVxkN8kkWIN9Q+5KqGQyJ/izjB6tRudF9vWFBsvIFakA=="
    }
  }
}
