{
  "name": "madlib_object_utils_lib",
  "version": "1.0.0",
  "lockfileVersion": 2,
  "requires": true,
  "packages": {
    "": {
      "name": "madlib_object_utils_lib",
      "version": "1.0.0",
      "license": "ISC",
      "dependencies": {
        "madlib-object-utils": "0.1.6"
      },
      "devDependencies": {}
    },
    "node_modules/madlib-object-utils": {
      "version": "0.1.6",
      "resolved": "https://registry.npmjs.org/madlib-object-utils/-/madlib-object-utils-0.1.6.tgz",
      "integrity": "sha1-f/AXSxuaM6j2PhT+OkxTO1W28uE="
    }
  },
  "dependencies": {
    "madlib-object-utils": {
      "version": "0.1.6",
      "resolved": "https://registry.npmjs.org/madlib-object-utils/-/madlib-object-utils-0.1.6.tgz",
      "integrity": "sha1-f/AXSxuaM6j2PhT+OkxTO1W28uE="
    }
  }
}
