{
  "name": "keyget_lib",
  "version": "1.0.0",
  "lockfileVersion": 2,
  "requires": true,
  "packages": {
    "": {
      "name": "keyget_lib",
      "version": "1.0.0",
      "license": "ISC",
      "dependencies": {
        "keyget": "2.2.0"
      }
    },
    "node_modules/keyget": {
      "version": "2.2.0",
      "resolved": "git+ssh://git@github.com/rumkin/keyget.git#3198d6cfb22d10f98552b7cee0be6b1dab79b5fd",
      "integrity": "sha512-3B3VbJt3g6xSb8JjJkhvi9MME79wk1CWQrGjIAzf1fJvHrb5vfA4zldjDgdITtzMJPDCPYhd0bruYk0D25GEKA==",
      "license": "MIT",
      "bin": {
        "keyget": "cli.js"
      }
    }
  },
  "dependencies": {
    "keyget": {
      "version": "git+ssh://git@github.com/rumkin/keyget.git#3198d6cfb22d10f98552b7cee0be6b1dab79b5fd",
      "integrity": "sha512-3B3VbJt3g6xSb8JjJkhvi9MME79wk1CWQrGjIAzf1fJvHrb5vfA4zldjDgdITtzMJPDCPYhd0bruYk0D25GEKA==",
      "from": "keyget@2.2.0"
    }
  }
}
