{
  "name": "deeply_lib",
  "version": "1.0.0",
  "lockfileVersion": 2,
  "requires": true,
  "packages": {
    "": {
      "name": "deeply_lib",
      "version": "1.0.0",
      "license": "ISC",
      "dependencies": {
        "deeply": "3.0.0"
      },
      "devDependencies": {}
    },
    "node_modules/deeply": {
      "version": "3.0.0",
      "resolved": "https://registry.npmjs.org/deeply/-/deeply-3.0.0.tgz",
      "integrity": "sha512-26Im0tS4/FUIPVFjtMbBvC+X4p+R8F1E35GF7p6I9dM8hVdxmAqgFGYzRaSiLWmp+NuqAnV+90NVGUBxDZU2Pw==",
      "dependencies": {
        "fulcon": "^2.0.0",
        "precise-typeof": "^2.0.0"
      },
      "engines": {
        "node": ">= 6"
      }
    },
    "node_modules/fulcon": {
      "version": "2.0.0",
      "resolved": "https://registry.npmjs.org/fulcon/-/fulcon-2.0.0.tgz",
      "integrity": "sha512-BuOhjdlrovbIzVajxL4WcXXK7iAWoTuSATKGMF9BEwAu2En+saHTB8IF/+LbXTWIx46hX4/Nqn2rv38VTh4mrA==",
      "engines": {
        "node": ">= 6"
      }
    },
    "node_modules/precise-typeof": {
      "version": "2.0.1",
      "resolved": "https://registry.npmjs.org/precise-typeof/-/precise-typeof-2.0.1.tgz",
      "integrity": "sha512-VcSaY01jyA0vf8LjFuwplqUZLYyEPGrkCn+KZQGNqHtiEwRzGLynB7CoKl55LXvHKL3vZxfHAVRd4EHqMJG7ZQ==",
      "engines": {
        "node": ">= 6"
      }
    }
  },
  "dependencies": {
    "deeply": {
      "version": "3.0.0",
      "resolved": "https://registry.npmjs.org/deeply/-/deeply-3.0.0.tgz",
      "integrity": "sha512-26Im0tS4/FUIPVFjtMbBvC+X4p+R8F1E35GF7p6I9dM8hVdxmAqgFGYzRaSiLWmp+NuqAnV+90NVGUBxDZU2Pw==",
      "requires": {
        "fulcon": "^2.0.0",
        "precise-typeof": "^2.0.0"
      }
    },
    "fulcon": {
      "version": "2.0.0",
      "resolved": "https://registry.npmjs.org/fulcon/-/fulcon-2.0.0.tgz",
      "integrity": "sha512-BuOhjdlrovbIzVajxL4WcXXK7iAWoTuSATKGMF9BEwAu2En+saHTB8IF/+LbXTWIx46hX4/Nqn2rv38VTh4mrA=="
    },
    "precise-typeof": {
      "version": "2.0.1",
      "resolved": "https://registry.npmjs.org/precise-typeof/-/precise-typeof-2.0.1.tgz",
      "integrity": "sha512-VcSaY01jyA0vf8LjFuwplqUZLYyEPGrkCn+KZQGNqHtiEwRzGLynB7CoKl55LXvHKL3vZxfHAVRd4EHqMJG7ZQ=="
    }
  }
}
