{
  "name": "nconf_toml_lib",
  "version": "1.0.0",
  "lockfileVersion": 2,
  "requires": true,
  "packages": {
    "": {
      "name": "nconf_toml_lib",
      "version": "1.0.0",
      "license": "ISC",
      "dependencies": {
        "fs": "0.0.1-security",
        "nconf-toml": "0.0.1"
      },
      "devDependencies": {}
    },
    "node_modules/fs": {
      "version": "0.0.1-security",
      "resolved": "https://registry.npmjs.org/fs/-/fs-0.0.1-security.tgz",
      "integrity": "sha1-invTcYa23d84E/I4WLV+yq9eQdQ="
    },
    "node_modules/nconf-toml": {
      "version": "0.0.1",
      "resolved": "https://registry.npmjs.org/nconf-toml/-/nconf-toml-0.0.1.tgz",
      "integrity": "sha1-WOa6EaU5zJdtECIl+sNw7+TO2Nk=",
      "dependencies": {
        "toml": "^2.3.0",
        "tomlify-j0.4": "^1.0.1"
      }
    },
    "node_modules/toml": {
      "version": "2.3.6",
      "resolved": "https://registry.npmjs.org/toml/-/toml-2.3.6.tgz",
      "integrity": "sha512-gVweAectJU3ebq//Ferr2JUY4WKSDe5N+z0FvjDncLGyHmIDoxgY/2Ie4qfEIDm4IS7OA6Rmdm7pdEEdMcV/xQ=="
    },
    "node_modules/tomlify-j0.4": {
      "version": "1.0.4",
      "resolved": "https://registry.npmjs.org/tomlify-j0.4/-/tomlify-j0.4-1.0.4.tgz",
      "integrity": "sha1-7gFxDBAXkdpw/ICNXpIZZJp2CUU="
    }
  },
  "dependencies": {
    "fs": {
      "version": "0.0.1-security",
      "resolved": "https://registry.npmjs.org/fs/-/fs-0.0.1-security.tgz",
      "integrity": "sha1-invTcYa23d84E/I4WLV+yq9eQdQ="
    },
    "nconf-toml": {
      "version": "0.0.1",
      "resolved": "https://registry.npmjs.org/nconf-toml/-/nconf-toml-0.0.1.tgz",
      "integrity": "sha1-WOa6EaU5zJdtECIl+sNw7+TO2Nk=",
      "requires": {
        "toml": "^2.3.0",
        "tomlify-j0.4": "^1.0.1"
      }
    },
    "toml": {
      "version": "2.3.6",
      "resolved": "https://registry.npmjs.org/toml/-/toml-2.3.6.tgz",
      "integrity": "sha512-gVweAectJU3ebq//Ferr2JUY4WKSDe5N+z0FvjDncLGyHmIDoxgY/2Ie4qfEIDm4IS7OA6Rmdm7pdEEdMcV/xQ=="
    },
    "tomlify-j0.4": {
      "version": "1.0.4",
      "resolved": "https://registry.npmjs.org/tomlify-j0.4/-/tomlify-j0.4-1.0.4.tgz",
      "integrity": "sha1-7gFxDBAXkdpw/ICNXpIZZJp2CUU="
    }
  }
}
