{
  "name": "linux-cmdline_lib",
  "version": "1.0.0",
  "lockfileVersion": 2,
  "requires": true,
  "packages": {
    "": {
      "name": "linux-cmdline_lib",
      "version": "1.0.0",
      "license": "ISC",
      "dependencies": {
        "linux-cmdline": "1.0.0"
      },
      "devDependencies": {}
    },
    "node_modules/linux-cmdline": {
      "version": "1.0.0",
      "resolved": "https://registry.npmjs.org/linux-cmdline/-/linux-cmdline-1.0.0.tgz",
      "integrity": "sha1-udmLM8abErB8T9/ojOPcqEiMHzM="
    }
  },
  "dependencies": {
    "linux-cmdline": {
      "version": "1.0.0",
      "resolved": "https://registry.npmjs.org/linux-cmdline/-/linux-cmdline-1.0.0.tgz",
      "integrity": "sha1-udmLM8abErB8T9/ojOPcqEiMHzM="
    }
  }
}
