{
  "name": "total_js_lib",
  "version": "1.0.0",
  "lockfileVersion": 2,
  "requires": true,
  "packages": {
    "": {
      "name": "total_js_lib",
      "version": "1.0.0",
      "license": "ISC",
      "dependencies": {
        "total.js": "3.4.6"
      },
      "devDependencies": {}
    },
    "node_modules/total.js": {
      "version": "3.4.6",
      "resolved": "https://registry.npmjs.org/total.js/-/total.js-3.4.6.tgz",
      "integrity": "sha512-oM/KfObRfthZsRcim5wdwrluC0CpRk3fXm6JUGI6yXWLJ5gzbMWlxKhBKWZLRAzCklWPD7iY+2KUbv8EWUG/pw==",
      "bin": {
        "total": "bin/totaljs",
        "total.js": "bin/totaljs",
        "totaljs": "bin/totaljs",
        "totalpackage": "bin/tpm",
        "tpm": "bin/tpm"
      },
      "engines": {
        "node": ">=8.0.0"
      }
    }
  },
  "dependencies": {
    "total.js": {
      "version": "3.4.6",
      "resolved": "https://registry.npmjs.org/total.js/-/total.js-3.4.6.tgz",
      "integrity": "sha512-oM/KfObRfthZsRcim5wdwrluC0CpRk3fXm6JUGI6yXWLJ5gzbMWlxKhBKWZLRAzCklWPD7iY+2KUbv8EWUG/pw=="
    }
  }
}
