{
  "name": "mout_lib",
  "version": "1.0.0",
  "lockfileVersion": 2,
  "requires": true,
  "packages": {
    "": {
      "name": "mout_lib",
      "version": "1.0.0",
      "license": "ISC",
      "dependencies": {
        "mout": "2.0.0-alpha.1"
      },
      "devDependencies": {}
    },
    "node_modules/mout": {
      "version": "2.0.0-alpha.1",
      "resolved": "https://registry.npmjs.org/mout/-/mout-2.0.0-alpha.1.tgz",
      "integrity": "sha512-hwFkg6PGoUiSfOo52Mb/zPNe/HidCnHrz1HlRqyULc8FfzMz6gefuOKlIys/opDKTpqlkz+M+Mg/1NCJpGN81g=="
    }
  },
  "dependencies": {
    "mout": {
      "version": "2.0.0-alpha.1",
      "resolved": "https://registry.npmjs.org/mout/-/mout-2.0.0-alpha.1.tgz",
      "integrity": "sha512-hwFkg6PGoUiSfOo52Mb/zPNe/HidCnHrz1HlRqyULc8FfzMz6gefuOKlIys/opDKTpqlkz+M+Mg/1NCJpGN81g=="
    }
  }
}
