{
  "name": "controlled_merge_lib",
  "version": "1.0.0",
  "lockfileVersion": 2,
  "requires": true,
  "packages": {
    "": {
      "name": "controlled_merge_lib",
      "version": "1.0.0",
      "license": "ISC",
      "dependencies": {
        "controlled-merge": "1.0.0"
      },
      "devDependencies": {}
    },
    "node_modules/controlled-merge": {
      "version": "1.0.0",
      "resolved": "https://registry.npmjs.org/controlled-merge/-/controlled-merge-1.0.0.tgz",
      "integrity": "sha1-xUp4oXoyStqmjK7GaVNGhDKaFKw="
    }
  },
  "dependencies": {
    "controlled-merge": {
      "version": "1.0.0",
      "resolved": "https://registry.npmjs.org/controlled-merge/-/controlled-merge-1.0.0.tgz",
      "integrity": "sha1-xUp4oXoyStqmjK7GaVNGhDKaFKw="
    }
  }
}
