{
  "name": "objtools_lib",
  "version": "1.0.0",
  "lockfileVersion": 2,
  "requires": true,
  "packages": {
    "": {
      "name": "objtools_lib",
      "version": "1.0.0",
      "license": "ISC",
      "dependencies": {
        "objtools": "3.0.0"
      },
      "devDependencies": {}
    },
    "node_modules/lodash": {
      "version": "4.17.21",
      "resolved": "https://registry.npmjs.org/lodash/-/lodash-4.17.21.tgz",
      "integrity": "sha512-v2kDEe57lecTulaDIuNTPy3Ry4gLGJ6Z1O3vE1krgXZNrsQ+LFTGHVxVjcXPs17LhbZVGedAJv8XZ1tvj5FvSg=="
    },
    "node_modules/objtools": {
      "version": "3.0.0",
      "resolved": "https://registry.npmjs.org/objtools/-/objtools-3.0.0.tgz",
      "integrity": "sha512-PaQBiyYOqdmTkgqsPJ1URhEjkOj+sQrfutswGir1IY3cicpnC6Of2p2OcqUokPNc1vhupeWyBiSkyPDJ8/TNvQ==",
      "dependencies": {
        "lodash": "^4.17.20",
        "xerror": "^2.0.0"
      },
      "engines": {
        "node": ">= 14.0.0"
      }
    },
    "node_modules/xerror": {
      "version": "2.0.0",
      "resolved": "https://registry.npmjs.org/xerror/-/xerror-2.0.0.tgz",
      "integrity": "sha512-dHqPLlgocuNSSHvI/Tedj+YvZmHzRrc4Cdxuu58HK7aPNq9zPgrcDjZ2b1HBGQEnAUKEHToMs35NHMi4CMeEag=="
    }
  },
  "dependencies": {
    "lodash": {
      "version": "4.17.21",
      "resolved": "https://registry.npmjs.org/lodash/-/lodash-4.17.21.tgz",
      "integrity": "sha512-v2kDEe57lecTulaDIuNTPy3Ry4gLGJ6Z1O3vE1krgXZNrsQ+LFTGHVxVjcXPs17LhbZVGedAJv8XZ1tvj5FvSg=="
    },
    "objtools": {
      "version": "3.0.0",
      "resolved": "https://registry.npmjs.org/objtools/-/objtools-3.0.0.tgz",
      "integrity": "sha512-PaQBiyYOqdmTkgqsPJ1URhEjkOj+sQrfutswGir1IY3cicpnC6Of2p2OcqUokPNc1vhupeWyBiSkyPDJ8/TNvQ==",
      "requires": {
        "lodash": "^4.17.20",
        "xerror": "^2.0.0"
      }
    },
    "xerror": {
      "version": "2.0.0",
      "resolved": "https://registry.npmjs.org/xerror/-/xerror-2.0.0.tgz",
      "integrity": "sha512-dHqPLlgocuNSSHvI/Tedj+YvZmHzRrc4Cdxuu58HK7aPNq9zPgrcDjZ2b1HBGQEnAUKEHToMs35NHMi4CMeEag=="
    }
  }
}
