{
  "name": "copy-props_lib",
  "version": "1.0.0",
  "lockfileVersion": 2,
  "requires": true,
  "packages": {
    "": {
      "name": "copy-props_lib",
      "version": "1.0.0",
      "license": "ISC",
      "dependencies": {
        "copy-props": "2.0.4"
      },
      "devDependencies": {}
    },
    "node_modules/array-each": {
      "version": "1.0.1",
      "resolved": "https://registry.npmjs.org/array-each/-/array-each-1.0.1.tgz",
      "integrity": "sha1-p5SvDAWrF1KEbudTofIRoFugxE8=",
      "engines": {
        "node": ">=0.10.0"
      }
    },
    "node_modules/array-slice": {
      "version": "1.1.0",
      "resolved": "https://registry.npmjs.org/array-slice/-/array-slice-1.1.0.tgz",
      "integrity": "sha512-B1qMD3RBP7O8o0H2KbrXDyB0IccejMF15+87Lvlor12ONPRHP6gTjXMNkt/d3ZuOGbAe66hFmaCfECI24Ufp6w==",
      "engines": {
        "node": ">=0.10.0"
      }
    },
    "node_modules/copy-props": {
      "version": "2.0.4",
      "resolved": "https://registry.npmjs.org/copy-props/-/copy-props-2.0.4.tgz",
      "integrity": "sha512-7cjuUME+p+S3HZlbllgsn2CDwS+5eCCX16qBgNC4jgSTf49qR1VKy/Zhl400m0IQXl/bPGEVqncgUUMjrr4s8A==",
      "dependencies": {
        "each-props": "^1.3.0",
        "is-plain-object": "^2.0.1"
      }
    },
    "node_modules/each-props": {
      "version": "1.3.2",
      "resolved": "https://registry.npmjs.org/each-props/-/each-props-1.3.2.tgz",
      "integrity": "sha512-vV0Hem3zAGkJAyU7JSjixeU66rwdynTAa1vofCrSA5fEln+m67Az9CcnkVD776/fsN/UjIWmBDoNRS6t6G9RfA==",
      "dependencies": {
        "is-plain-object": "^2.0.1",
        "object.defaults": "^1.1.0"
      }
    },
    "node_modules/for-in": {
      "version": "1.0.2",
      "resolved": "https://registry.npmjs.org/for-in/-/for-in-1.0.2.tgz",
      "integrity": "sha1-gQaNKVqBQuwKxybG4iAMMPttXoA=",
      "engines": {
        "node": ">=0.10.0"
      }
    },
    "node_modules/for-own": {
      "version": "1.0.0",
      "resolved": "https://registry.npmjs.org/for-own/-/for-own-1.0.0.tgz",
      "integrity": "sha1-xjMy9BXO3EsE2/5wz4NklMU8tEs=",
      "dependencies": {
        "for-in": "^1.0.1"
      },
      "engines": {
        "node": ">=0.10.0"
      }
    },
    "node_modules/is-plain-object": {
      "version": "2.0.4",
      "resolved": "https://registry.npmjs.org/is-plain-object/-/is-plain-object-2.0.4.tgz",
      "integrity": "sha512-h5PpgXkWitc38BBMYawTYMWJHFZJVnBquFE57xFpjB8pJFiF6gZ+bU+WyI/yqXiFR5mdLsgYNaPe8uao6Uv9Og==",
      "dependencies": {
        "isobject": "^3.0.1"
      },
      "engines": {
        "node": ">=0.10.0"
      }
    },
    "node_modules/isobject": {
      "version": "3.0.1",
      "resolved": "https://registry.npmjs.org/isobject/-/isobject-3.0.1.tgz",
      "integrity": "sha1-TkMekrEalzFjaqH5yNHMvP2reN8=",
      "engines": {
        "node": ">=0.10.0"
      }
    },
    "node_modules/object.defaults": {
      "version": "1.1.0",
      "resolved": "https://registry.npmjs.org/object.defaults/-/object.defaults-1.1.0.tgz",
      "integrity": "sha1-On+GgzS0B96gbaFtiNXNKeQ1/s8=",
      "dependencies": {
        "array-each": "^1.0.1",
        "array-slice": "^1.0.0",
        "for-own": "^1.0.0",
        "isobject": "^3.0.0"
      },
      "engines": {
        "node": ">=0.10.0"
      }
    }
  },
  "dependencies": {
    "array-each": {
      "version": "1.0.1",
      "resolved": "https://registry.npmjs.org/array-each/-/array-each-1.0.1.tgz",
      "integrity": "sha1-p5SvDAWrF1KEbudTofIRoFugxE8="
    },
    "array-slice": {
      "version": "1.1.0",
      "resolved": "https://registry.npmjs.org/array-slice/-/array-slice-1.1.0.tgz",
      "integrity": "sha512-B1qMD3RBP7O8o0H2KbrXDyB0IccejMF15+87Lvlor12ONPRHP6gTjXMNkt/d3ZuOGbAe66hFmaCfECI24Ufp6w=="
    },
    "copy-props": {
      "version": "2.0.4",
      "resolved": "https://registry.npmjs.org/copy-props/-/copy-props-2.0.4.tgz",
      "integrity": "sha512-7cjuUME+p+S3HZlbllgsn2CDwS+5eCCX16qBgNC4jgSTf49qR1VKy/Zhl400m0IQXl/bPGEVqncgUUMjrr4s8A==",
      "requires": {
        "each-props": "^1.3.0",
        "is-plain-object": "^2.0.1"
      }
    },
    "each-props": {
      "version": "1.3.2",
      "resolved": "https://registry.npmjs.org/each-props/-/each-props-1.3.2.tgz",
      "integrity": "sha512-vV0Hem3zAGkJAyU7JSjixeU66rwdynTAa1vofCrSA5fEln+m67Az9CcnkVD776/fsN/UjIWmBDoNRS6t6G9RfA==",
      "requires": {
        "is-plain-object": "^2.0.1",
        "object.defaults": "^1.1.0"
      }
    },
    "for-in": {
      "version": "1.0.2",
      "resolved": "https://registry.npmjs.org/for-in/-/for-in-1.0.2.tgz",
      "integrity": "sha1-gQaNKVqBQuwKxybG4iAMMPttXoA="
    },
    "for-own": {
      "version": "1.0.0",
      "resolved": "https://registry.npmjs.org/for-own/-/for-own-1.0.0.tgz",
      "integrity": "sha1-xjMy9BXO3EsE2/5wz4NklMU8tEs=",
      "requires": {
        "for-in": "^1.0.1"
      }
    },
    "is-plain-object": {
      "version": "2.0.4",
      "resolved": "https://registry.npmjs.org/is-plain-object/-/is-plain-object-2.0.4.tgz",
      "integrity": "sha512-h5PpgXkWitc38BBMYawTYMWJHFZJVnBquFE57xFpjB8pJFiF6gZ+bU+WyI/yqXiFR5mdLsgYNaPe8uao6Uv9Og==",
      "requires": {
        "isobject": "^3.0.1"
      }
    },
    "isobject": {
      "version": "3.0.1",
      "resolved": "https://registry.npmjs.org/isobject/-/isobject-3.0.1.tgz",
      "integrity": "sha1-TkMekrEalzFjaqH5yNHMvP2reN8="
    },
    "object.defaults": {
      "version": "1.1.0",
      "resolved": "https://registry.npmjs.org/object.defaults/-/object.defaults-1.1.0.tgz",
      "integrity": "sha1-On+GgzS0B96gbaFtiNXNKeQ1/s8=",
      "requires": {
        "array-each": "^1.0.1",
        "array-slice": "^1.0.0",
        "for-own": "^1.0.0",
        "isobject": "^3.0.0"
      }
    }
  }
}
