{
  "name": "putil-merge_lib",
  "lockfileVersion": 2,
  "requires": true,
  "packages": {
    "": {
      "dependencies": {
        "putil-merge": "3.0.0"
      }
    },
    "node_modules/putil-merge": {
      "version": "3.0.0",
      "resolved": "https://registry.npmjs.org/putil-merge/-/putil-merge-3.0.0.tgz",
      "integrity": "sha512-fl38g/Nnm6NFlIaVlABTzEzkoxRs1SRFzbAQfvOvhxHkLOJvMPnut2Blce22a1V9KMEVElbMg/HMy2RWt5WF4w==",
      "engines": {
        "node": ">= 6.0"
      }
    }
  },
  "dependencies": {
    "putil-merge": {
      "version": "3.0.0",
      "resolved": "https://registry.npmjs.org/putil-merge/-/putil-merge-3.0.0.tgz",
      "integrity": "sha512-fl38g/Nnm6NFlIaVlABTzEzkoxRs1SRFzbAQfvOvhxHkLOJvMPnut2Blce22a1V9KMEVElbMg/HMy2RWt5WF4w=="
    }
  }
}
