{
  "name": "deeps_lib",
  "version": "1.0.0",
  "lockfileVersion": 2,
  "requires": true,
  "packages": {
    "": {
      "name": "deeps_lib",
      "version": "1.0.0",
      "license": "ISC",
      "dependencies": {
        "deeps": "1.4.5"
      },
      "devDependencies": {}
    },
    "node_modules/deeps": {
      "version": "1.4.5",
      "resolved": "https://registry.npmjs.org/deeps/-/deeps-1.4.5.tgz",
      "integrity": "sha512-sLkOeUZJX5Zj9aILXUWyUn2YLrKDJLgRmm5tZVTmIdh43L/6UknpzaRAFItKg9LMS+3hu6y8QAxEYavBLTzEuQ==",
      "engines": {
        "node": ">=0.10"
      }
    }
  },
  "dependencies": {
    "deeps": {
      "version": "1.4.5",
      "resolved": "https://registry.npmjs.org/deeps/-/deeps-1.4.5.tgz",
      "integrity": "sha512-sLkOeUZJX5Zj9aILXUWyUn2YLrKDJLgRmm5tZVTmIdh43L/6UknpzaRAFItKg9LMS+3hu6y8QAxEYavBLTzEuQ=="
    }
  }
}
