{
  "name": "patchmerge_lib",
  "lockfileVersion": 2,
  "requires": true,
  "packages": {
    "": {
      "dependencies": {
        "patchmerge": "1.0.0"
      }
    },
    "node_modules/patchmerge": {
      "version": "1.0.0",
      "resolved": "https://registry.npmjs.org/patchmerge/-/patchmerge-1.0.0.tgz",
      "integrity": "sha1-TwnHjQuHSkuQqcsLkZy1wAvnDec="
    }
  },
  "dependencies": {
    "patchmerge": {
      "version": "1.0.0",
      "resolved": "https://registry.npmjs.org/patchmerge/-/patchmerge-1.0.0.tgz",
      "integrity": "sha1-TwnHjQuHSkuQqcsLkZy1wAvnDec="
    }
  }
}
