{
  "name": "node_extend_lib",
  "version": "1.0.0",
  "lockfileVersion": 2,
  "requires": true,
  "packages": {
    "": {
      "name": "node_extend_lib",
      "version": "1.0.0",
      "license": "ISC",
      "dependencies": {
        "node.extend": "2.0.0"
      },
      "devDependencies": {}
    },
    "node_modules/is": {
      "version": "3.3.0",
      "resolved": "https://registry.npmjs.org/is/-/is-3.3.0.tgz",
      "integrity": "sha512-nW24QBoPcFGGHJGUwnfpI7Yc5CdqWNdsyHQszVE/z2pKHXzh7FZ5GWhJqSyaQ9wMkQnsTx+kAI8bHlCX4tKdbg==",
      "engines": {
        "node": "*"
      }
    },
    "node_modules/node.extend": {
      "version": "2.0.0",
      "resolved": "https://registry.npmjs.org/node.extend/-/node.extend-2.0.0.tgz",
      "integrity": "sha1-dSWih1Z36lNHhKXhCseJVhOWFN8=",
      "dependencies": {
        "is": "^3.2.1"
      },
      "engines": {
        "node": ">=0.4.0"
      }
    }
  },
  "dependencies": {
    "is": {
      "version": "3.3.0",
      "resolved": "https://registry.npmjs.org/is/-/is-3.3.0.tgz",
      "integrity": "sha512-nW24QBoPcFGGHJGUwnfpI7Yc5CdqWNdsyHQszVE/z2pKHXzh7FZ5GWhJqSyaQ9wMkQnsTx+kAI8bHlCX4tKdbg=="
    },
    "node.extend": {
      "version": "2.0.0",
      "resolved": "https://registry.npmjs.org/node.extend/-/node.extend-2.0.0.tgz",
      "integrity": "sha1-dSWih1Z36lNHhKXhCseJVhOWFN8=",
      "requires": {
        "is": "^3.2.1"
      }
    }
  }
}
