{
  "name": "gedi_lib",
  "version": "1.0.0",
  "lockfileVersion": 2,
  "requires": true,
  "packages": {
    "": {
      "name": "gedi_lib",
      "version": "1.0.0",
      "license": "ISC",
      "dependencies": {
        "gedi": "1.6.3"
      },
      "devDependencies": {}
    },
    "node_modules/clean-merge": {
      "version": "1.0.0",
      "resolved": "https://registry.npmjs.org/clean-merge/-/clean-merge-1.0.0.tgz",
      "integrity": "sha1-Hzq72gDP6VfdhWmxIRtoVqB2fR4="
    },
    "node_modules/gedi": {
      "version": "1.6.3",
      "resolved": "https://registry.npmjs.org/gedi/-/gedi-1.6.3.tgz",
      "integrity": "sha1-NusQqh2JBo1pmKRHyqpsqvxFQ3g=",
      "dependencies": {
        "gedi-paths": "^1.0.0",
        "gel-js": "^1.5.0",
        "lang-js": "^2.0.0",
        "leak-map": "^1.0.0",
        "spec-js": "^1.0.0",
        "weak-map": "^1.0.3"
      }
    },
    "node_modules/gedi-paths": {
      "version": "1.0.4",
      "resolved": "https://registry.npmjs.org/gedi-paths/-/gedi-paths-1.0.4.tgz",
      "integrity": "sha1-KM4/xjaoxHfSURaY6uvDeXDg1hQ="
    },
    "node_modules/gel-js": {
      "version": "1.11.8",
      "resolved": "https://registry.npmjs.org/gel-js/-/gel-js-1.11.8.tgz",
      "integrity": "sha1-bwTZ7iJDIxNO5Euj7I5P/cxDn54=",
      "dependencies": {
        "clean-merge": "^1.0.0",
        "gedi-paths": "^1.0.0",
        "lang-js": "^2.0.0",
        "merge": "^1.2.0",
        "spec-js": "^1.0.0"
      },
      "engines": {
        "node": ">=0.6"
      }
    },
    "node_modules/lang-js": {
      "version": "2.2.1",
      "resolved": "https://registry.npmjs.org/lang-js/-/lang-js-2.2.1.tgz",
      "integrity": "sha1-ZHABSKr64OZe1AAzglwi8bSjtn0=",
      "dependencies": {
        "spec-js": "^1.0.0"
      }
    },
    "node_modules/leak-map": {
      "version": "1.0.2",
      "resolved": "https://registry.npmjs.org/leak-map/-/leak-map-1.0.2.tgz",
      "integrity": "sha1-6Bz6PCr6LmPU+dgjiijNbGNp37Q="
    },
    "node_modules/merge": {
      "version": "1.2.1",
      "resolved": "https://registry.npmjs.org/merge/-/merge-1.2.1.tgz",
      "integrity": "sha512-VjFo4P5Whtj4vsLzsYBu5ayHhoHJ0UqNm7ibvShmbmoz7tGi0vXaoJbGdB+GmDMLUdg8DpQXEIeVDAe8MaABvQ=="
    },
    "node_modules/spec-js": {
      "version": "1.0.0",
      "resolved": "https://registry.npmjs.org/spec-js/-/spec-js-1.0.0.tgz",
      "integrity": "sha1-GTI7ad7huscjY5VsjPwl7NJVdAg="
    },
    "node_modules/weak-map": {
      "version": "1.0.5",
      "resolved": "https://registry.npmjs.org/weak-map/-/weak-map-1.0.5.tgz",
      "integrity": "sha1-eWkVhNmGB/UHC9O3CkDmuyLkAes="
    }
  },
  "dependencies": {
    "clean-merge": {
      "version": "1.0.0",
      "resolved": "https://registry.npmjs.org/clean-merge/-/clean-merge-1.0.0.tgz",
      "integrity": "sha1-Hzq72gDP6VfdhWmxIRtoVqB2fR4="
    },
    "gedi": {
      "version": "1.6.3",
      "resolved": "https://registry.npmjs.org/gedi/-/gedi-1.6.3.tgz",
      "integrity": "sha1-NusQqh2JBo1pmKRHyqpsqvxFQ3g=",
      "requires": {
        "gedi-paths": "^1.0.0",
        "gel-js": "^1.5.0",
        "lang-js": "^2.0.0",
        "leak-map": "^1.0.0",
        "spec-js": "^1.0.0",
        "weak-map": "^1.0.3"
      }
    },
    "gedi-paths": {
      "version": "1.0.4",
      "resolved": "https://registry.npmjs.org/gedi-paths/-/gedi-paths-1.0.4.tgz",
      "integrity": "sha1-KM4/xjaoxHfSURaY6uvDeXDg1hQ="
    },
    "gel-js": {
      "version": "1.11.8",
      "resolved": "https://registry.npmjs.org/gel-js/-/gel-js-1.11.8.tgz",
      "integrity": "sha1-bwTZ7iJDIxNO5Euj7I5P/cxDn54=",
      "requires": {
        "clean-merge": "^1.0.0",
        "gedi-paths": "^1.0.0",
        "lang-js": "^2.0.0",
        "merge": "^1.2.0",
        "spec-js": "^1.0.0"
      }
    },
    "lang-js": {
      "version": "2.2.1",
      "resolved": "https://registry.npmjs.org/lang-js/-/lang-js-2.2.1.tgz",
      "integrity": "sha1-ZHABSKr64OZe1AAzglwi8bSjtn0=",
      "requires": {
        "spec-js": "^1.0.0"
      }
    },
    "leak-map": {
      "version": "1.0.2",
      "resolved": "https://registry.npmjs.org/leak-map/-/leak-map-1.0.2.tgz",
      "integrity": "sha1-6Bz6PCr6LmPU+dgjiijNbGNp37Q="
    },
    "merge": {
      "version": "1.2.1",
      "resolved": "https://registry.npmjs.org/merge/-/merge-1.2.1.tgz",
      "integrity": "sha512-VjFo4P5Whtj4vsLzsYBu5ayHhoHJ0UqNm7ibvShmbmoz7tGi0vXaoJbGdB+GmDMLUdg8DpQXEIeVDAe8MaABvQ=="
    },
    "spec-js": {
      "version": "1.0.0",
      "resolved": "https://registry.npmjs.org/spec-js/-/spec-js-1.0.0.tgz",
      "integrity": "sha1-GTI7ad7huscjY5VsjPwl7NJVdAg="
    },
    "weak-map": {
      "version": "1.0.5",
      "resolved": "https://registry.npmjs.org/weak-map/-/weak-map-1.0.5.tgz",
      "integrity": "sha1-eWkVhNmGB/UHC9O3CkDmuyLkAes="
    }
  }
}
