{
  "name": "set_in_lib",
  "version": "1.0.0",
  "lockfileVersion": 2,
  "requires": true,
  "packages": {
    "": {
      "name": "set_in_lib",
      "version": "1.0.0",
      "license": "ISC",
      "dependencies": {
        "set-in": "2.0.0"
      },
      "devDependencies": {}
    },
    "node_modules/set-in": {
      "version": "2.0.0",
      "resolved": "https://registry.npmjs.org/set-in/-/set-in-2.0.0.tgz",
      "integrity": "sha1-sCGdelQ2jMa9HKfePZPcrFs+Kf8="
    }
  },
  "dependencies": {
    "set-in": {
      "version": "2.0.0",
      "resolved": "https://registry.npmjs.org/set-in/-/set-in-2.0.0.tgz",
      "integrity": "sha1-sCGdelQ2jMa9HKfePZPcrFs+Kf8="
    }
  }
}
