{
  "name": "deap_lib",
  "version": "1.0.0",
  "lockfileVersion": 2,
  "requires": true,
  "packages": {
    "": {
      "name": "deap_lib",
      "version": "1.0.0",
      "license": "ISC",
      "dependencies": {
        "deap": "1.0.0"
      },
      "devDependencies": {}
    },
    "node_modules/deap": {
      "version": "1.0.0",
      "resolved": "https://registry.npmjs.org/deap/-/deap-1.0.0.tgz",
      "integrity": "sha1-sUi/gkMKJ2mbdIOgPra2dYW/yIg="
    }
  },
  "dependencies": {
    "deap": {
      "version": "1.0.0",
      "resolved": "https://registry.npmjs.org/deap/-/deap-1.0.0.tgz",
      "integrity": "sha1-sUi/gkMKJ2mbdIOgPra2dYW/yIg="
    }
  }
}
