{
  "name": "nestie_lib",
  "version": "1.0.0",
  "lockfileVersion": 2,
  "requires": true,
  "packages": {
    "": {
      "name": "nestie_lib",
      "version": "1.0.0",
      "license": "ISC",
      "dependencies": {
        "nestie": "1.0.0"
      },
      "devDependencies": {}
    },
    "node_modules/nestie": {
      "version": "1.0.0",
      "resolved": "https://registry.npmjs.org/nestie/-/nestie-1.0.0.tgz",
      "integrity": "sha512-kqV8S8idHH7+itzEr4JhKjlsDb1O1QEaHeDfPUssuufm3L/R1PDqfMoMzIGsqVhqynxlaQ4DtnM+ozq/mW96AQ==",
      "engines": {
        "node": ">=8"
      }
    }
  },
  "dependencies": {
    "nestie": {
      "version": "1.0.0",
      "resolved": "https://registry.npmjs.org/nestie/-/nestie-1.0.0.tgz",
      "integrity": "sha512-kqV8S8idHH7+itzEr4JhKjlsDb1O1QEaHeDfPUssuufm3L/R1PDqfMoMzIGsqVhqynxlaQ4DtnM+ozq/mW96AQ=="
    }
  }
}
