{
  "name": "safe_flat_lib",
  "version": "1.0.0",
  "lockfileVersion": 2,
  "requires": true,
  "packages": {
    "": {
      "name": "safe_flat_lib",
      "version": "1.0.0",
      "license": "ISC",
      "dependencies": {
        "safe-flat": "2.0.0"
      },
      "devDependencies": {}
    },
    "node_modules/safe-flat": {
      "version": "2.0.0",
      "resolved": "https://registry.npmjs.org/safe-flat/-/safe-flat-2.0.0.tgz",
      "integrity": "sha512-MSXG9ZY0fqVfnYDt0BlS47sMjQeiDBQfGgI5n8WwApT8pQhpU6/6TJfPXlf1v5dFCe1USastsCp00ECOvNtSPQ==",
      "deprecated": "Prototype pollution vulnerability fix in v2.0.2"
    }
  },
  "dependencies": {
    "safe-flat": {
      "version": "2.0.0",
      "resolved": "https://registry.npmjs.org/safe-flat/-/safe-flat-2.0.0.tgz",
      "integrity": "sha512-MSXG9ZY0fqVfnYDt0BlS47sMjQeiDBQfGgI5n8WwApT8pQhpU6/6TJfPXlf1v5dFCe1USastsCp00ECOvNtSPQ=="
    }
  }
}
