{
  "name": "set_or_get_lib",
  "version": "1.0.0",
  "lockfileVersion": 2,
  "requires": true,
  "packages": {
    "": {
      "name": "set_or_get_lib",
      "version": "1.0.0",
      "license": "ISC",
      "dependencies": {
        "set-or-get": "1.2.10"
      },
      "devDependencies": {}
    },
    "node_modules/deffy": {
      "version": "2.2.4",
      "resolved": "https://registry.npmjs.org/deffy/-/deffy-2.2.4.tgz",
      "integrity": "sha512-pLc9lsbsWjr6RxmJ2OLyvm+9l4j1yK69h+TML/gUit/t3vTijpkNGh8LioaJYTGO7F25m6HZndADcUOo2PsiUg==",
      "dependencies": {
        "typpy": "^2.0.0"
      }
    },
    "node_modules/function.name": {
      "version": "1.0.13",
      "resolved": "https://registry.npmjs.org/function.name/-/function.name-1.0.13.tgz",
      "integrity": "sha512-mVrqdoy5npWZyoXl4DxCeuVF6delDcQjVS9aPdvLYlBxtMTZDR2B5GVEQEoM1jJyspCqg3C0v4ABkLE7tp9xFA==",
      "dependencies": {
        "noop6": "^1.0.1"
      }
    },
    "node_modules/noop6": {
      "version": "1.0.9",
      "resolved": "https://registry.npmjs.org/noop6/-/noop6-1.0.9.tgz",
      "integrity": "sha512-DB3Hwyd89dPr5HqEPg3YHjzvwh/mCqizC1zZ8vyofqc+TQRyPDnT4wgXXbLGF4z9YAzwwTLi8pNLhGqcbSjgkA=="
    },
    "node_modules/set-or-get": {
      "version": "1.2.10",
      "resolved": "https://registry.npmjs.org/set-or-get/-/set-or-get-1.2.10.tgz",
      "integrity": "sha512-WKa6X5jx/DbCmhq/c1gUUjmNMXVOhWuyqtg0teWqqLeLfnSTraHjGO69oiHMLB+Fm5nHyW8uZxGcJPf/C10oAA==",
      "dependencies": {
        "deffy": "^2.0.0"
      }
    },
    "node_modules/typpy": {
      "version": "2.3.13",
      "resolved": "https://registry.npmjs.org/typpy/-/typpy-2.3.13.tgz",
      "integrity": "sha512-vOxIcQz9sxHi+rT09SJ5aDgVgrPppQjwnnayTrMye1ODaU8gIZTDM19t9TxmEElbMihx2Nq/0/b/MtyKfayRqA==",
      "dependencies": {
        "function.name": "^1.0.3"
      }
    }
  },
  "dependencies": {
    "deffy": {
      "version": "2.2.4",
      "resolved": "https://registry.npmjs.org/deffy/-/deffy-2.2.4.tgz",
      "integrity": "sha512-pLc9lsbsWjr6RxmJ2OLyvm+9l4j1yK69h+TML/gUit/t3vTijpkNGh8LioaJYTGO7F25m6HZndADcUOo2PsiUg==",
      "requires": {
        "typpy": "^2.0.0"
      }
    },
    "function.name": {
      "version": "1.0.13",
      "resolved": "https://registry.npmjs.org/function.name/-/function.name-1.0.13.tgz",
      "integrity": "sha512-mVrqdoy5npWZyoXl4DxCeuVF6delDcQjVS9aPdvLYlBxtMTZDR2B5GVEQEoM1jJyspCqg3C0v4ABkLE7tp9xFA==",
      "requires": {
        "noop6": "^1.0.1"
      }
    },
    "noop6": {
      "version": "1.0.9",
      "resolved": "https://registry.npmjs.org/noop6/-/noop6-1.0.9.tgz",
      "integrity": "sha512-DB3Hwyd89dPr5HqEPg3YHjzvwh/mCqizC1zZ8vyofqc+TQRyPDnT4wgXXbLGF4z9YAzwwTLi8pNLhGqcbSjgkA=="
    },
    "set-or-get": {
      "version": "1.2.10",
      "resolved": "https://registry.npmjs.org/set-or-get/-/set-or-get-1.2.10.tgz",
      "integrity": "sha512-WKa6X5jx/DbCmhq/c1gUUjmNMXVOhWuyqtg0teWqqLeLfnSTraHjGO69oiHMLB+Fm5nHyW8uZxGcJPf/C10oAA==",
      "requires": {
        "deffy": "^2.0.0"
      }
    },
    "typpy": {
      "version": "2.3.13",
      "resolved": "https://registry.npmjs.org/typpy/-/typpy-2.3.13.tgz",
      "integrity": "sha512-vOxIcQz9sxHi+rT09SJ5aDgVgrPppQjwnnayTrMye1ODaU8gIZTDM19t9TxmEElbMihx2Nq/0/b/MtyKfayRqA==",
      "requires": {
        "function.name": "^1.0.3"
      }
    }
  }
}
