{
  "name": "field_lib",
  "version": "1.0.0",
  "lockfileVersion": 2,
  "requires": true,
  "packages": {
    "": {
      "name": "field_lib",
      "version": "1.0.0",
      "license": "ISC",
      "dependencies": {
        "field": "1.0.1"
      },
      "devDependencies": {}
    },
    "node_modules/field": {
      "version": "1.0.1",
      "resolved": "https://registry.npmjs.org/field/-/field-1.0.1.tgz",
      "integrity": "sha1-qmWb8A7OmqaColP/VnRQIJ8oBB8="
    }
  },
  "dependencies": {
    "field": {
      "version": "1.0.1",
      "resolved": "https://registry.npmjs.org/field/-/field-1.0.1.tgz",
      "integrity": "sha1-qmWb8A7OmqaColP/VnRQIJ8oBB8="
    }
  }
}
