{
  "name": "firebase_util_lib",
  "version": "1.0.0",
  "lockfileVersion": 2,
  "requires": true,
  "packages": {
    "": {
      "name": "firebase_util_lib",
      "version": "1.0.0",
      "license": "ISC",
      "dependencies": {
        "@firebase/util": "0.3.2"
      },
      "devDependencies": {}
    },
    "node_modules/@firebase/util": {
      "version": "0.3.2",
      "resolved": "https://registry.npmjs.org/@firebase/util/-/util-0.3.2.tgz",
      "integrity": "sha512-Dqs00++c8rwKky6KCKLLY2T1qYO4Q+X5t+lF7DInXDNF4ae1Oau35bkD+OpJ9u7l1pEv7KHowP6CUKuySCOc8g==",
      "dependencies": {
        "tslib": "^1.11.1"
      }
    },
    "node_modules/tslib": {
      "version": "1.14.1",
      "resolved": "https://registry.npmjs.org/tslib/-/tslib-1.14.1.tgz",
      "integrity": "sha512-Xni35NKzjgMrwevysHTCArtLDpPvye8zV/0E4EyYn43P7/7qvQwPh9BGkHewbMulVntbigmcT7rdX3BNo9wRJg=="
    }
  },
  "dependencies": {
    "@firebase/util": {
      "version": "0.3.2",
      "resolved": "https://registry.npmjs.org/@firebase/util/-/util-0.3.2.tgz",
      "integrity": "sha512-Dqs00++c8rwKky6KCKLLY2T1qYO4Q+X5t+lF7DInXDNF4ae1Oau35bkD+OpJ9u7l1pEv7KHowP6CUKuySCOc8g==",
      "requires": {
        "tslib": "^1.11.1"
      }
    },
    "tslib": {
      "version": "1.14.1",
      "resolved": "https://registry.npmjs.org/tslib/-/tslib-1.14.1.tgz",
      "integrity": "sha512-Xni35NKzjgMrwevysHTCArtLDpPvye8zV/0E4EyYn43P7/7qvQwPh9BGkHewbMulVntbigmcT7rdX3BNo9wRJg=="
    }
  }
}
