{
  "name": "querymen_lib",
  "version": "1.0.0",
  "lockfileVersion": 2,
  "requires": true,
  "packages": {
    "": {
      "name": "querymen_lib",
      "version": "1.0.0",
      "license": "ISC",
      "dependencies": {
        "querymen": "2.1.3"
      },
      "devDependencies": {}
    },
    "node_modules/lodash": {
      "version": "4.17.21",
      "resolved": "https://registry.npmjs.org/lodash/-/lodash-4.17.21.tgz",
      "integrity": "sha512-v2kDEe57lecTulaDIuNTPy3Ry4gLGJ6Z1O3vE1krgXZNrsQ+LFTGHVxVjcXPs17LhbZVGedAJv8XZ1tvj5FvSg=="
    },
    "node_modules/querymen": {
      "version": "2.1.3",
      "resolved": "https://registry.npmjs.org/querymen/-/querymen-2.1.3.tgz",
      "integrity": "sha1-/QIxwBAC6fnkPgYlXdzeN8G9kTI=",
      "dependencies": {
        "lodash": "^4.11.1",
        "rich-param": "^1.0.1"
      }
    },
    "node_modules/rich-param": {
      "version": "1.0.5",
      "resolved": "https://registry.npmjs.org/rich-param/-/rich-param-1.0.5.tgz",
      "integrity": "sha1-WYckGP4NCyE24b26wN7eNWngy/o=",
      "dependencies": {
        "lodash": "^4.15.0"
      }
    }
  },
  "dependencies": {
    "lodash": {
      "version": "4.17.21",
      "resolved": "https://registry.npmjs.org/lodash/-/lodash-4.17.21.tgz",
      "integrity": "sha512-v2kDEe57lecTulaDIuNTPy3Ry4gLGJ6Z1O3vE1krgXZNrsQ+LFTGHVxVjcXPs17LhbZVGedAJv8XZ1tvj5FvSg=="
    },
    "querymen": {
      "version": "2.1.3",
      "resolved": "https://registry.npmjs.org/querymen/-/querymen-2.1.3.tgz",
      "integrity": "sha1-/QIxwBAC6fnkPgYlXdzeN8G9kTI=",
      "requires": {
        "lodash": "^4.11.1",
        "rich-param": "^1.0.1"
      }
    },
    "rich-param": {
      "version": "1.0.5",
      "resolved": "https://registry.npmjs.org/rich-param/-/rich-param-1.0.5.tgz",
      "integrity": "sha1-WYckGP4NCyE24b26wN7eNWngy/o=",
      "requires": {
        "lodash": "^4.15.0"
      }
    }
  }
}
