{
  "name": "js_extend_lib",
  "version": "1.0.0",
  "lockfileVersion": 2,
  "requires": true,
  "packages": {
    "": {
      "name": "js_extend_lib",
      "version": "1.0.0",
      "license": "ISC",
      "dependencies": {
        "js-extend": "0.0.1"
      },
      "devDependencies": {}
    },
    "node_modules/js-extend": {
      "version": "0.0.1",
      "resolved": "https://registry.npmjs.org/js-extend/-/js-extend-0.0.1.tgz",
      "integrity": "sha1-B7Sn4Og99Wb6BxV6idfyw/g9agk="
    }
  },
  "dependencies": {
    "js-extend": {
      "version": "0.0.1",
      "resolved": "https://registry.npmjs.org/js-extend/-/js-extend-0.0.1.tgz",
      "integrity": "sha1-B7Sn4Og99Wb6BxV6idfyw/g9agk="
    }
  }
}
