{
  "name": "deep_defaults_lib",
  "version": "1.0.0",
  "lockfileVersion": 2,
  "requires": true,
  "packages": {
    "": {
      "name": "deep_defaults_lib",
      "version": "1.0.0",
      "license": "ISC",
      "dependencies": {
        "deep-defaults": "1.0.5"
      },
      "devDependencies": {}
    },
    "node_modules/deep-defaults": {
      "version": "1.0.5",
      "resolved": "https://registry.npmjs.org/deep-defaults/-/deep-defaults-1.0.5.tgz",
      "integrity": "sha512-5ev/sNkiHTmeTqbDJEDgdQa/Ub0eOMQNix9l+dLLGbwOos7/in5HdvHXI014wqxsET4YeJG9Eq4qj0PJRL8rSw==",
      "deprecated": "not actively maintained; find alternatives",
      "dependencies": {
        "lodash": "^4.17.5"
      }
    },
    "node_modules/lodash": {
      "version": "4.17.21",
      "resolved": "https://registry.npmjs.org/lodash/-/lodash-4.17.21.tgz",
      "integrity": "sha512-v2kDEe57lecTulaDIuNTPy3Ry4gLGJ6Z1O3vE1krgXZNrsQ+LFTGHVxVjcXPs17LhbZVGedAJv8XZ1tvj5FvSg=="
    }
  },
  "dependencies": {
    "deep-defaults": {
      "version": "1.0.5",
      "resolved": "https://registry.npmjs.org/deep-defaults/-/deep-defaults-1.0.5.tgz",
      "integrity": "sha512-5ev/sNkiHTmeTqbDJEDgdQa/Ub0eOMQNix9l+dLLGbwOos7/in5HdvHXI014wqxsET4YeJG9Eq4qj0PJRL8rSw==",
      "requires": {
        "lodash": "^4.17.5"
      }
    },
    "lodash": {
      "version": "4.17.21",
      "resolved": "https://registry.npmjs.org/lodash/-/lodash-4.17.21.tgz",
      "integrity": "sha512-v2kDEe57lecTulaDIuNTPy3Ry4gLGJ6Z1O3vE1krgXZNrsQ+LFTGHVxVjcXPs17LhbZVGedAJv8XZ1tvj5FvSg=="
    }
  }
}
