{
  "name": "objnest_lib",
  "lockfileVersion": 2,
  "requires": true,
  "packages": {
    "": {
      "dependencies": {
        "objnest": "5.0.0"
      }
    },
    "node_modules/abind": {
      "version": "1.0.5",
      "resolved": "https://registry.npmjs.org/abind/-/abind-1.0.5.tgz",
      "integrity": "sha512-dbaEZphdPje0ihqSdWg36Sb8S20TuqQomiz2593oIx+enQ9Q4vDZRjIzhnkWltGRKVKqC28kTribkgRLBexWVQ==",
      "engines": {
        "node": ">=6",
        "npm": ">=3"
      }
    },
    "node_modules/extend": {
      "version": "3.0.2",
      "resolved": "https://registry.npmjs.org/extend/-/extend-3.0.2.tgz",
      "integrity": "sha512-fjquC59cD7CyW6urNXK0FBufkZcoiGG80wTuPujX590cB5Ttln20E2UB4S/WARVqhXffZl2LNgS+gQdPIIim/g=="
    },
    "node_modules/objnest": {
      "version": "5.0.0",
      "resolved": "https://registry.npmjs.org/objnest/-/objnest-5.0.0.tgz",
      "integrity": "sha512-B2yuIKVQgaGEsOkUFJHhIMyK8FRky2EGogGFbyOutVJUtyR43H2nRoyFJtruo5snMdELatMSC3NBGlZ/bWhQMA==",
      "dependencies": {
        "abind": "^1.0.0",
        "extend": "^3.0.2"
      },
      "engines": {
        "node": ">=8",
        "npm": ">=5"
      }
    }
  },
  "dependencies": {
    "abind": {
      "version": "1.0.5",
      "resolved": "https://registry.npmjs.org/abind/-/abind-1.0.5.tgz",
      "integrity": "sha512-dbaEZphdPje0ihqSdWg36Sb8S20TuqQomiz2593oIx+enQ9Q4vDZRjIzhnkWltGRKVKqC28kTribkgRLBexWVQ=="
    },
    "extend": {
      "version": "3.0.2",
      "resolved": "https://registry.npmjs.org/extend/-/extend-3.0.2.tgz",
      "integrity": "sha512-fjquC59cD7CyW6urNXK0FBufkZcoiGG80wTuPujX590cB5Ttln20E2UB4S/WARVqhXffZl2LNgS+gQdPIIim/g=="
    },
    "objnest": {
      "version": "5.0.0",
      "resolved": "https://registry.npmjs.org/objnest/-/objnest-5.0.0.tgz",
      "integrity": "sha512-B2yuIKVQgaGEsOkUFJHhIMyK8FRky2EGogGFbyOutVJUtyR43H2nRoyFJtruo5snMdELatMSC3NBGlZ/bWhQMA==",
      "requires": {
        "abind": "^1.0.0",
        "extend": "^3.0.2"
      }
    }
  }
}
