{
  "name": "promisehelpers_lib",
  "version": "1.0.0",
  "lockfileVersion": 2,
  "requires": true,
  "packages": {
    "": {
      "name": "promisehelpers_lib",
      "version": "1.0.0",
      "license": "ISC",
      "dependencies": {
        "promisehelpers": "0.0.5"
      },
      "devDependencies": {}
    },
    "node_modules/isarray": {
      "version": "1.0.0",
      "resolved": "https://registry.npmjs.org/isarray/-/isarray-1.0.0.tgz",
      "integrity": "sha1-u5NdSFgsuhaMBoNJV6VKPgcSTxE="
    },
    "node_modules/promisehelpers": {
      "version": "0.0.5",
      "resolved": "https://registry.npmjs.org/promisehelpers/-/promisehelpers-0.0.5.tgz",
      "integrity": "sha1-S7IICOpPItDoEiNqaXmFkxJ4IRs=",
      "dependencies": {
        "isarray": "~1.0.0"
      }
    }
  },
  "dependencies": {
    "isarray": {
      "version": "1.0.0",
      "resolved": "https://registry.npmjs.org/isarray/-/isarray-1.0.0.tgz",
      "integrity": "sha1-u5NdSFgsuhaMBoNJV6VKPgcSTxE="
    },
    "promisehelpers": {
      "version": "0.0.5",
      "resolved": "https://registry.npmjs.org/promisehelpers/-/promisehelpers-0.0.5.tgz",
      "integrity": "sha1-S7IICOpPItDoEiNqaXmFkxJ4IRs=",
      "requires": {
        "isarray": "~1.0.0"
      }
    }
  }
}
