{
  "name": "dset_lib",
  "version": "1.0.0",
  "lockfileVersion": 2,
  "requires": true,
  "packages": {
    "": {
      "name": "dset_lib",
      "version": "1.0.0",
      "license": "ISC",
      "dependencies": {
        "dset": "1.0.0"
      },
      "devDependencies": {}
    },
    "node_modules/dset": {
      "version": "1.0.0",
      "resolved": "https://registry.npmjs.org/dset/-/dset-1.0.0.tgz",
      "integrity": "sha512-cQt/g7T4luG2lF7VAk5qwyBVv7zN1YplMTF2Ktp6cU2LJU8NlxAS58E8Q00SWoxP+a1dJdJE46Le3Vwrehefug==",
      "deprecated": "Please use dset@2.1.0 or later for an important security patch",
      "engines": {
        "node": ">=4"
      }
    }
  },
  "dependencies": {
    "dset": {
      "version": "1.0.0",
      "resolved": "https://registry.npmjs.org/dset/-/dset-1.0.0.tgz",
      "integrity": "sha512-cQt/g7T4luG2lF7VAk5qwyBVv7zN1YplMTF2Ktp6cU2LJU8NlxAS58E8Q00SWoxP+a1dJdJE46Le3Vwrehefug=="
    }
  }
}
