{
  "name": "object_collider_lib",
  "version": "1.0.0",
  "lockfileVersion": 2,
  "requires": true,
  "packages": {
    "": {
      "name": "object_collider_lib",
      "version": "1.0.0",
      "license": "ISC",
      "dependencies": {
        "object-collider": "1.0.3"
      },
      "devDependencies": {}
    },
    "node_modules/object-collider": {
      "version": "1.0.3",
      "resolved": "https://registry.npmjs.org/object-collider/-/object-collider-1.0.3.tgz",
      "integrity": "sha512-em48voKDt0DCE+cal/o18RGf7c/14q1bcrvuHjvk713y0Kzw5KXmNq9F9qiAla0j1HpMKAPBJvmsh9CTbGXn1A=="
    }
  },
  "dependencies": {
    "object-collider": {
      "version": "1.0.3",
      "resolved": "https://registry.npmjs.org/object-collider/-/object-collider-1.0.3.tgz",
      "integrity": "sha512-em48voKDt0DCE+cal/o18RGf7c/14q1bcrvuHjvk713y0Kzw5KXmNq9F9qiAla0j1HpMKAPBJvmsh9CTbGXn1A=="
    }
  }
}
