{
  "name": "json_ptr_lib",
  "version": "1.0.0",
  "lockfileVersion": 2,
  "requires": true,
  "packages": {
    "": {
      "name": "json_ptr_lib",
      "version": "1.0.0",
      "license": "ISC",
      "dependencies": {
        "json-ptr": "1.1.0"
      },
      "devDependencies": {}
    },
    "node_modules/json-ptr": {
      "version": "1.1.0",
      "resolved": "https://registry.npmjs.org/json-ptr/-/json-ptr-1.1.0.tgz",
      "integrity": "sha512-/5wyr0PEFeLk2jh88CBZZPJD6wqe/bJvqAIWXbkBOKxvgeHlM67Ilu8b0QKKyLhfSP+9uvA+NSAo2/n62q68aQ=="
    }
  },
  "dependencies": {
    "json-ptr": {
      "version": "1.1.0",
      "resolved": "https://registry.npmjs.org/json-ptr/-/json-ptr-1.1.0.tgz",
      "integrity": "sha512-/5wyr0PEFeLk2jh88CBZZPJD6wqe/bJvqAIWXbkBOKxvgeHlM67Ilu8b0QKKyLhfSP+9uvA+NSAo2/n62q68aQ=="
    }
  }
}
