{
  "name": "flattenizer_lib",
  "version": "1.0.0",
  "lockfileVersion": 2,
  "requires": true,
  "packages": {
    "": {
      "name": "flattenizer_lib",
      "version": "1.0.0",
      "license": "ISC",
      "dependencies": {
        "flattenizer": "0.0.5"
      },
      "devDependencies": {}
    },
    "node_modules/flattenizer": {
      "version": "0.0.5",
      "resolved": "https://registry.npmjs.org/flattenizer/-/flattenizer-0.0.5.tgz",
      "integrity": "sha1-3VoBQ45gtNLG5WUa988r7XPRlSg="
    }
  },
  "dependencies": {
    "flattenizer": {
      "version": "0.0.5",
      "resolved": "https://registry.npmjs.org/flattenizer/-/flattenizer-0.0.5.tgz",
      "integrity": "sha1-3VoBQ45gtNLG5WUa988r7XPRlSg="
    }
  }
}
