{
  "name": "dotty_lib",
  "version": "1.0.0",
  "lockfileVersion": 2,
  "requires": true,
  "packages": {
    "": {
      "name": "dotty_lib",
      "version": "1.0.0",
      "license": "ISC",
      "dependencies": {
        "dotty": "0.0.1"
      },
      "devDependencies": {}
    },
    "node_modules/dotty": {
      "version": "0.0.1",
      "resolved": "https://registry.npmjs.org/dotty/-/dotty-0.0.1.tgz",
      "integrity": "sha1-y+bUXFKr2SxCJMB5IG4lgdFNA4o="
    }
  },
  "dependencies": {
    "dotty": {
      "version": "0.0.1",
      "resolved": "https://registry.npmjs.org/dotty/-/dotty-0.0.1.tgz",
      "integrity": "sha1-y+bUXFKr2SxCJMB5IG4lgdFNA4o="
    }
  }
}
