{
  "name": "dot-notes_lib",
  "version": "1.0.0",
  "lockfileVersion": 2,
  "requires": true,
  "packages": {
    "": {
      "name": "dot-notes_lib",
      "version": "1.0.0",
      "license": "ISC",
      "dependencies": {
        "dot-notes": "3.2.0"
      },
      "devDependencies": {}
    },
    "node_modules/dot-notes": {
      "version": "3.2.0",
      "resolved": "https://registry.npmjs.org/dot-notes/-/dot-notes-3.2.0.tgz",
      "integrity": "sha512-P7XLMEpalS4VJyNUKEWdrmgk1gRDk0X5HyZ/YuLwamaPp4+L02L/4VQimSSdvrjtu7fqaucAJK0U/tpN6EJ/KQ=="
    }
  },
  "dependencies": {
    "dot-notes": {
      "version": "3.2.0",
      "resolved": "https://registry.npmjs.org/dot-notes/-/dot-notes-3.2.0.tgz",
      "integrity": "sha512-P7XLMEpalS4VJyNUKEWdrmgk1gRDk0X5HyZ/YuLwamaPp4+L02L/4VQimSSdvrjtu7fqaucAJK0U/tpN6EJ/KQ=="
    }
  }
}
