{
  "name": "arr_flatten_unflatten_lib",
  "version": "1.0.0",
  "lockfileVersion": 2,
  "requires": true,
  "packages": {
    "": {
      "name": "arr_flatten_unflatten_lib",
      "version": "1.0.0",
      "license": "ISC",
      "dependencies": {
        "arr-flatten-unflatten": "1.1.4"
      },
      "devDependencies": {}
    },
    "node_modules/arr-flatten-unflatten": {
      "version": "1.1.4",
      "resolved": "https://registry.npmjs.org/arr-flatten-unflatten/-/arr-flatten-unflatten-1.1.4.tgz",
      "integrity": "sha512-9T9MyDQ5CrIhZ5+lfVb8D9YMZWeFnG3jvcxIJhVOx+iyYXvpyEqY+LZprFn+j/gIRZCPUwsp44tRtrQxz/wSpQ=="
    }
  },
  "dependencies": {
    "arr-flatten-unflatten": {
      "version": "1.1.4",
      "resolved": "https://registry.npmjs.org/arr-flatten-unflatten/-/arr-flatten-unflatten-1.1.4.tgz",
      "integrity": "sha512-9T9MyDQ5CrIhZ5+lfVb8D9YMZWeFnG3jvcxIJhVOx+iyYXvpyEqY+LZprFn+j/gIRZCPUwsp44tRtrQxz/wSpQ=="
    }
  }
}
