{
  "name": "safetydance_lib",
  "version": "1.0.0",
  "lockfileVersion": 2,
  "requires": true,
  "packages": {
    "": {
      "name": "safetydance_lib",
      "version": "1.0.0",
      "license": "ISC",
      "dependencies": {
        "safetydance": "2.0.1"
      },
      "devDependencies": {}
    },
    "node_modules/safetydance": {
      "version": "2.0.1",
      "resolved": "https://registry.npmjs.org/safetydance/-/safetydance-2.0.1.tgz",
      "integrity": "sha512-RuMpDOXn4bC+cIrzeZ6ZJR8/aaa+58KztATWO8KbEpfC4LRaYskn+Ll3H5KMikH1N1F47S+razKDqZklUkRkTg==",
      "engines": [
        "node >= 4.0.0"
      ]
    }
  },
  "dependencies": {
    "safetydance": {
      "version": "2.0.1",
      "resolved": "https://registry.npmjs.org/safetydance/-/safetydance-2.0.1.tgz",
      "integrity": "sha512-RuMpDOXn4bC+cIrzeZ6ZJR8/aaa+58KztATWO8KbEpfC4LRaYskn+Ll3H5KMikH1N1F47S+razKDqZklUkRkTg=="
    }
  }
}
