{
  "name": "templ8_lib",
  "version": "1.0.0",
  "lockfileVersion": 2,
  "requires": true,
  "packages": {
    "": {
      "name": "templ8_lib",
      "version": "1.0.0",
      "license": "ISC",
      "dependencies": {
        "Templ8": "0.7.0"
      },
      "devDependencies": {}
    },
    "node_modules/Templ8": {
      "version": "0.7.0",
      "resolved": "https://registry.npmjs.org/Templ8/-/Templ8-0.7.0.tgz",
      "integrity": "sha1-0CA9skk9uKFQssNAgQtsHM79hcE=",
      "engines": {
        "node": "*"
      }
    }
  },
  "dependencies": {
    "Templ8": {
      "version": "0.7.0",
      "resolved": "https://registry.npmjs.org/Templ8/-/Templ8-0.7.0.tgz",
      "integrity": "sha1-0CA9skk9uKFQssNAgQtsHM79hcE="
    }
  }
}
