{
  "name": "assign_deep_lib",
  "version": "1.0.0",
  "lockfileVersion": 2,
  "requires": true,
  "packages": {
    "": {
      "name": "assign_deep_lib",
      "version": "1.0.0",
      "license": "ISC",
      "dependencies": {
        "assign-deep": "1.0.0"
      },
      "devDependencies": {}
    },
    "node_modules/assign-deep": {
      "version": "1.0.0",
      "resolved": "https://registry.npmjs.org/assign-deep/-/assign-deep-1.0.0.tgz",
      "integrity": "sha512-wH7AeUhZk5j8E8B3pDJ/nmN2eOR+zPK47do3a4GKn5L7bMtKTqFTnvtxNoDg4+XgmF08euylwYwgFv4F0l38QQ==",
      "deprecated": "Critical bug fixed in v1.0.1, please upgrade to the latest version.",
      "dependencies": {
        "assign-symbols": "^2.0.2"
      },
      "engines": {
        "node": ">=6"
      }
    },
    "node_modules/assign-symbols": {
      "version": "2.0.2",
      "resolved": "https://registry.npmjs.org/assign-symbols/-/assign-symbols-2.0.2.tgz",
      "integrity": "sha512-9sBQUQZMKFKcO/C3Bo6Rx4CQany0R0UeVcefNGRRdW2vbmaMOhV1sbmlXcQLcD56juLXbSGTBm0GGuvmrAF8pA==",
      "engines": {
        "node": ">=6"
      }
    }
  },
  "dependencies": {
    "assign-deep": {
      "version": "1.0.0",
      "resolved": "https://registry.npmjs.org/assign-deep/-/assign-deep-1.0.0.tgz",
      "integrity": "sha512-wH7AeUhZk5j8E8B3pDJ/nmN2eOR+zPK47do3a4GKn5L7bMtKTqFTnvtxNoDg4+XgmF08euylwYwgFv4F0l38QQ==",
      "requires": {
        "assign-symbols": "^2.0.2"
      }
    },
    "assign-symbols": {
      "version": "2.0.2",
      "resolved": "https://registry.npmjs.org/assign-symbols/-/assign-symbols-2.0.2.tgz",
      "integrity": "sha512-9sBQUQZMKFKcO/C3Bo6Rx4CQany0R0UeVcefNGRRdW2vbmaMOhV1sbmlXcQLcD56juLXbSGTBm0GGuvmrAF8pA=="
    }
  }
}
