{
  "name": "deephas_lib",
  "version": "1.0.0",
  "lockfileVersion": 2,
  "requires": true,
  "packages": {
    "": {
      "name": "deephas_lib",
      "version": "1.0.0",
      "license": "ISC",
      "dependencies": {
        "deephas": "1.0.5"
      },
      "devDependencies": {}
    },
    "node_modules/deephas": {
      "version": "1.0.5",
      "resolved": "https://registry.npmjs.org/deephas/-/deephas-1.0.5.tgz",
      "integrity": "sha512-3FmD/kVtkfmXrD1KVoEbvREpvFJ2OF7zfSePUcfmFLzmLX9yNU4No93oHqTFYKuz7yqyQ6eubJMgWRcyu7JdiA=="
    }
  },
  "dependencies": {
    "deephas": {
      "version": "1.0.5",
      "resolved": "https://registry.npmjs.org/deephas/-/deephas-1.0.5.tgz",
      "integrity": "sha512-3FmD/kVtkfmXrD1KVoEbvREpvFJ2OF7zfSePUcfmFLzmLX9yNU4No93oHqTFYKuz7yqyQ6eubJMgWRcyu7JdiA=="
    }
  }
}
