{
  "name": "a101_lib",
  "version": "1.0.0",
  "lockfileVersion": 2,
  "requires": true,
  "packages": {
    "": {
      "name": "a101_lib",
      "version": "1.0.0",
      "license": "ISC",
      "dependencies": {
        "101": "1.6.3"
      },
      "devDependencies": {}
    },
    "node_modules/101": {
      "version": "1.6.3",
      "resolved": "https://registry.npmjs.org/101/-/101-1.6.3.tgz",
      "integrity": "sha512-4dmQ45yY0Dx24Qxp+zAsNLlMF6tteCyfVzgbulvSyC7tCyd3V8sW76sS0tHq8NpcbXfWTKasfyfzU1Kd86oKzw==",
      "dependencies": {
        "clone": "^1.0.2",
        "deep-eql": "^0.1.3",
        "keypather": "^1.10.2"
      }
    },
    "node_modules/clone": {
      "version": "1.0.4",
      "resolved": "https://registry.npmjs.org/clone/-/clone-1.0.4.tgz",
      "integrity": "sha1-2jCcwmPfFZlMaIypAheco8fNfH4=",
      "engines": {
        "node": ">=0.8"
      }
    },
    "node_modules/deep-eql": {
      "version": "0.1.3",
      "resolved": "https://registry.npmjs.org/deep-eql/-/deep-eql-0.1.3.tgz",
      "integrity": "sha1-71WKyrjeJSBs1xOQbXTlaTDrafI=",
      "dependencies": {
        "type-detect": "0.1.1"
      },
      "engines": {
        "node": "*"
      }
    },
    "node_modules/keypather": {
      "version": "1.10.2",
      "resolved": "https://registry.npmjs.org/keypather/-/keypather-1.10.2.tgz",
      "integrity": "sha1-4ESWMtSz5RbyHMAUznxWRP3c5hQ=",
      "dependencies": {
        "101": "^1.0.0"
      }
    },
    "node_modules/type-detect": {
      "version": "0.1.1",
      "resolved": "https://registry.npmjs.org/type-detect/-/type-detect-0.1.1.tgz",
      "integrity": "sha1-C6XsKohWQORw6k6FBZcZANrFiCI=",
      "engines": {
        "node": "*"
      }
    }
  },
  "dependencies": {
    "101": {
      "version": "1.6.3",
      "resolved": "https://registry.npmjs.org/101/-/101-1.6.3.tgz",
      "integrity": "sha512-4dmQ45yY0Dx24Qxp+zAsNLlMF6tteCyfVzgbulvSyC7tCyd3V8sW76sS0tHq8NpcbXfWTKasfyfzU1Kd86oKzw==",
      "requires": {
        "clone": "^1.0.2",
        "deep-eql": "^0.1.3",
        "keypather": "^1.10.2"
      }
    },
    "clone": {
      "version": "1.0.4",
      "resolved": "https://registry.npmjs.org/clone/-/clone-1.0.4.tgz",
      "integrity": "sha1-2jCcwmPfFZlMaIypAheco8fNfH4="
    },
    "deep-eql": {
      "version": "0.1.3",
      "resolved": "https://registry.npmjs.org/deep-eql/-/deep-eql-0.1.3.tgz",
      "integrity": "sha1-71WKyrjeJSBs1xOQbXTlaTDrafI=",
      "requires": {
        "type-detect": "0.1.1"
      }
    },
    "keypather": {
      "version": "1.10.2",
      "resolved": "https://registry.npmjs.org/keypather/-/keypather-1.10.2.tgz",
      "integrity": "sha1-4ESWMtSz5RbyHMAUznxWRP3c5hQ=",
      "requires": {
        "101": "^1.0.0"
      }
    },
    "type-detect": {
      "version": "0.1.1",
      "resolved": "https://registry.npmjs.org/type-detect/-/type-detect-0.1.1.tgz",
      "integrity": "sha1-C6XsKohWQORw6k6FBZcZANrFiCI="
    }
  }
}
