{
  "name": "deepref_lib",
  "version": "1.0.0",
  "lockfileVersion": 2,
  "requires": true,
  "packages": {
    "": {
      "name": "deepref_lib",
      "version": "1.0.0",
      "license": "ISC",
      "dependencies": {
        "deepref": "1.1.1"
      },
      "devDependencies": {}
    },
    "node_modules/deepref": {
      "version": "1.1.1",
      "resolved": "https://registry.npmjs.org/deepref/-/deepref-1.1.1.tgz",
      "integrity": "sha1-m5PXfG0o0fMDX1KZS7VBa0nTAew="
    }
  },
  "dependencies": {
    "deepref": {
      "version": "1.1.1",
      "resolved": "https://registry.npmjs.org/deepref/-/deepref-1.1.1.tgz",
      "integrity": "sha1-m5PXfG0o0fMDX1KZS7VBa0nTAew="
    }
  }
}
