{
  "name": "supermixer_lib",
  "version": "1.0.0",
  "lockfileVersion": 2,
  "requires": true,
  "packages": {
    "": {
      "name": "supermixer_lib",
      "version": "1.0.0",
      "license": "ISC",
      "dependencies": {
        "supermixer": "1.0.3"
      },
      "devDependencies": {}
    },
    "node_modules/lodash": {
      "version": "3.10.1",
      "resolved": "https://registry.npmjs.org/lodash/-/lodash-3.10.1.tgz",
      "integrity": "sha1-W/Rejkm6QYnhfUgnid/RW9FAt7Y="
    },
    "node_modules/supermixer": {
      "version": "1.0.3",
      "resolved": "https://registry.npmjs.org/supermixer/-/supermixer-1.0.3.tgz",
      "integrity": "sha1-oWweTe+an0x18IkGZw8DERd5A+U=",
      "dependencies": {
        "lodash": "^3.8.0"
      }
    }
  },
  "dependencies": {
    "lodash": {
      "version": "3.10.1",
      "resolved": "https://registry.npmjs.org/lodash/-/lodash-3.10.1.tgz",
      "integrity": "sha1-W/Rejkm6QYnhfUgnid/RW9FAt7Y="
    },
    "supermixer": {
      "version": "1.0.3",
      "resolved": "https://registry.npmjs.org/supermixer/-/supermixer-1.0.3.tgz",
      "integrity": "sha1-oWweTe+an0x18IkGZw8DERd5A+U=",
      "requires": {
        "lodash": "^3.8.0"
      }
    }
  }
}
