{
  "name": "set_object_value_lib",
  "version": "1.0.0",
  "lockfileVersion": 2,
  "requires": true,
  "packages": {
    "": {
      "name": "set_object_value_lib",
      "version": "1.0.0",
      "license": "ISC",
      "dependencies": {
        "set-object-value": "0.0.5"
      },
      "devDependencies": {}
    },
    "node_modules/set-object-value": {
      "version": "0.0.5",
      "resolved": "https://registry.npmjs.org/set-object-value/-/set-object-value-0.0.5.tgz",
      "integrity": "sha512-f4fnuaiGPERs2ezeN2Z7EsYN8Zzo5R9JbaXh9fGWSdl1Aoe2MxgxklWPRQa/frPk4eE0hA5A2yS/z/X8h+YgsA=="
    }
  },
  "dependencies": {
    "set-object-value": {
      "version": "0.0.5",
      "resolved": "https://registry.npmjs.org/set-object-value/-/set-object-value-0.0.5.tgz",
      "integrity": "sha512-f4fnuaiGPERs2ezeN2Z7EsYN8Zzo5R9JbaXh9fGWSdl1Aoe2MxgxklWPRQa/frPk4eE0hA5A2yS/z/X8h+YgsA=="
    }
  }
}
