{
  "name": "mixin_deep_lib",
  "version": "1.0.0",
  "lockfileVersion": 2,
  "requires": true,
  "packages": {
    "": {
      "name": "mixin_deep_lib",
      "version": "1.0.0",
      "license": "ISC",
      "dependencies": {
        "mixin-deep": "2.0.0"
      },
      "devDependencies": {}
    },
    "node_modules/mixin-deep": {
      "version": "2.0.0",
      "resolved": "https://registry.npmjs.org/mixin-deep/-/mixin-deep-2.0.0.tgz",
      "integrity": "sha512-2tAhDtV+OCFCeknyf2cJD5rD+xfvM2ax/RZ3iI1G67Eh6x5UxKJlGDVpmCX27y7WvuXpAkMHQs9ooaxIHIit+A==",
      "deprecated": "Critical bug fixed in v2.0.1, please upgrade to the latest version.",
      "engines": {
        "node": ">=4"
      }
    }
  },
  "dependencies": {
    "mixin-deep": {
      "version": "2.0.0",
      "resolved": "https://registry.npmjs.org/mixin-deep/-/mixin-deep-2.0.0.tgz",
      "integrity": "sha512-2tAhDtV+OCFCeknyf2cJD5rD+xfvM2ax/RZ3iI1G67Eh6x5UxKJlGDVpmCX27y7WvuXpAkMHQs9ooaxIHIit+A=="
    }
  }
}
