{
  "name": "keyd_lib",
  "version": "1.0.0",
  "lockfileVersion": 2,
  "requires": true,
  "packages": {
    "": {
      "name": "keyd_lib",
      "version": "1.0.0",
      "license": "ISC",
      "dependencies": {
        "keyd": "1.3.4"
      },
      "devDependencies": {}
    },
    "node_modules/keyd": {
      "version": "1.3.4",
      "resolved": "https://registry.npmjs.org/keyd/-/keyd-1.3.4.tgz",
      "integrity": "sha512-x60kNdVyvgWjTVved9W9UMAV4SPBS151UhswksMBkHAzSLDtHuz2CdUVZ5y+3E+kmpt+GVcU1k+khKd4bpb/FQ=="
    }
  },
  "dependencies": {
    "keyd": {
      "version": "1.3.4",
      "resolved": "https://registry.npmjs.org/keyd/-/keyd-1.3.4.tgz",
      "integrity": "sha512-x60kNdVyvgWjTVved9W9UMAV4SPBS151UhswksMBkHAzSLDtHuz2CdUVZ5y+3E+kmpt+GVcU1k+khKd4bpb/FQ=="
    }
  }
}
