{
  "name": "expand_hash_lib",
  "version": "1.0.0",
  "lockfileVersion": 2,
  "requires": true,
  "packages": {
    "": {
      "name": "expand_hash_lib",
      "version": "1.0.0",
      "license": "ISC",
      "dependencies": {
        "expand-hash": "1.0.1"
      },
      "devDependencies": {}
    },
    "node_modules/expand-hash": {
      "version": "1.0.1",
      "resolved": "https://registry.npmjs.org/expand-hash/-/expand-hash-1.0.1.tgz",
      "integrity": "sha512-p0Sc7VRQFRB9TJhkVj5iNa/9KH+TuD8wTDgmwXaWFscWvfzQR9JPhnHDItbC6BwJhKkJjCStL+pmusjgWXQP2w==",
      "engines": {
        "node": ">=4"
      }
    }
  },
  "dependencies": {
    "expand-hash": {
      "version": "1.0.1",
      "resolved": "https://registry.npmjs.org/expand-hash/-/expand-hash-1.0.1.tgz",
      "integrity": "sha512-p0Sc7VRQFRB9TJhkVj5iNa/9KH+TuD8wTDgmwXaWFscWvfzQR9JPhnHDItbC6BwJhKkJjCStL+pmusjgWXQP2w=="
    }
  }
}
