{
  "name": "y18n_lib",
  "version": "1.0.0",
  "lockfileVersion": 2,
  "requires": true,
  "packages": {
    "": {
      "name": "y18n_lib",
      "version": "1.0.0",
      "license": "ISC",
      "dependencies": {
        "y18n": "3.2.1"
      },
      "devDependencies": {}
    },
    "node_modules/y18n": {
      "version": "3.2.1",
      "resolved": "https://registry.npmjs.org/y18n/-/y18n-3.2.1.tgz",
      "integrity": "sha1-bRX7qITAhnnA136I53WegR4H+kE="
    }
  },
  "dependencies": {
    "y18n": {
      "version": "3.2.1",
      "resolved": "https://registry.npmjs.org/y18n/-/y18n-3.2.1.tgz",
      "integrity": "sha1-bRX7qITAhnnA136I53WegR4H+kE="
    }
  }
}
