{
  "name": "class_transformer_lib",
  "version": "1.0.0",
  "lockfileVersion": 2,
  "requires": true,
  "packages": {
    "": {
      "name": "class_transformer_lib",
      "version": "1.0.0",
      "license": "ISC",
      "dependencies": {
        "class-transformer": "0.1.1"
      },
      "devDependencies": {}
    },
    "node_modules/class-transformer": {
      "version": "0.1.1",
      "resolved": "https://registry.npmjs.org/class-transformer/-/class-transformer-0.1.1.tgz",
      "integrity": "sha1-jctonQ9SyofeRi+JEP1IwWkQZrE="
    }
  },
  "dependencies": {
    "class-transformer": {
      "version": "0.1.1",
      "resolved": "https://registry.npmjs.org/class-transformer/-/class-transformer-0.1.1.tgz",
      "integrity": "sha1-jctonQ9SyofeRi+JEP1IwWkQZrE="
    }
  }
}
