{
  "name": "locutus_lib",
  "version": "1.0.0",
  "lockfileVersion": 2,
  "requires": true,
  "packages": {
    "": {
      "name": "locutus_lib",
      "version": "1.0.0",
      "license": "ISC",
      "dependencies": {
        "locutus": "2.0.11"
      },
      "devDependencies": {}
    },
    "node_modules/es6-promise": {
      "version": "4.2.8",
      "resolved": "https://registry.npmjs.org/es6-promise/-/es6-promise-4.2.8.tgz",
      "integrity": "sha512-HJDGx5daxeIvxdBxvG2cb9g4tEvwIk3i8+nhX0yGrYmZUzbkdg8QbDevheDB8gd0//uPj4c1EQua8Q+MViT0/w=="
    },
    "node_modules/locutus": {
      "version": "2.0.11",
      "resolved": "https://registry.npmjs.org/locutus/-/locutus-2.0.11.tgz",
      "integrity": "sha512-C0q1L38lK5q1t+wE0KY21/9szrBHxye6o2z5EJzU+5B79tubNOC+nLAEzTTn1vPUGoUuehKh8kYKqiVUTWRyaQ==",
      "dependencies": {
        "es6-promise": "^4.2.5"
      },
      "engines": {
        "node": ">= 0.12.0"
      }
    }
  },
  "dependencies": {
    "es6-promise": {
      "version": "4.2.8",
      "resolved": "https://registry.npmjs.org/es6-promise/-/es6-promise-4.2.8.tgz",
      "integrity": "sha512-HJDGx5daxeIvxdBxvG2cb9g4tEvwIk3i8+nhX0yGrYmZUzbkdg8QbDevheDB8gd0//uPj4c1EQua8Q+MViT0/w=="
    },
    "locutus": {
      "version": "2.0.11",
      "resolved": "https://registry.npmjs.org/locutus/-/locutus-2.0.11.tgz",
      "integrity": "sha512-C0q1L38lK5q1t+wE0KY21/9szrBHxye6o2z5EJzU+5B79tubNOC+nLAEzTTn1vPUGoUuehKh8kYKqiVUTWRyaQ==",
      "requires": {
        "es6-promise": "^4.2.5"
      }
    }
  }
}
