{
  "name": "shvl_lib",
  "version": "1.0.0",
  "lockfileVersion": 2,
  "requires": true,
  "packages": {
    "": {
      "name": "shvl_lib",
      "version": "1.0.0",
      "license": "ISC",
      "dependencies": {
        "shvl": "2.0.1"
      },
      "devDependencies": {}
    },
    "node_modules/shvl": {
      "version": "2.0.1",
      "resolved": "https://registry.npmjs.org/shvl/-/shvl-2.0.1.tgz",
      "integrity": "sha512-VU7R5Uxp38LKHooGuZe0TcX2EPK95nn8DvclAvTPyD9/qHmXvt3dR2pJ4JLZ8uLjxQNQ3zNLFJCreteIj3cvpw=="
    }
  },
  "dependencies": {
    "shvl": {
      "version": "2.0.1",
      "resolved": "https://registry.npmjs.org/shvl/-/shvl-2.0.1.tgz",
      "integrity": "sha512-VU7R5Uxp38LKHooGuZe0TcX2EPK95nn8DvclAvTPyD9/qHmXvt3dR2pJ4JLZ8uLjxQNQ3zNLFJCreteIj3cvpw=="
    }
  }
}
