{
  "name": "deep_override_lib",
  "version": "1.0.0",
  "lockfileVersion": 2,
  "requires": true,
  "packages": {
    "": {
      "name": "deep_override_lib",
      "version": "1.0.0",
      "license": "ISC",
      "dependencies": {
        "deep-override": "1.0.0"
      },
      "devDependencies": {}
    },
    "node_modules/deep-override": {
      "version": "1.0.0",
      "resolved": "https://registry.npmjs.org/deep-override/-/deep-override-1.0.0.tgz",
      "integrity": "sha512-zNPIJlBOiXw3zkokGnqsMY3kIpFPS/18F7aQc1BVVqmb5miiT0H/b+SiY8ArLcPvOi+GD+6eZiKRVFD1AFD9Ew=="
    }
  },
  "dependencies": {
    "deep-override": {
      "version": "1.0.0",
      "resolved": "https://registry.npmjs.org/deep-override/-/deep-override-1.0.0.tgz",
      "integrity": "sha512-zNPIJlBOiXw3zkokGnqsMY3kIpFPS/18F7aQc1BVVqmb5miiT0H/b+SiY8ArLcPvOi+GD+6eZiKRVFD1AFD9Ew=="
    }
  }
}
