{
  "name": "nested_property_lib",
  "version": "1.0.0",
  "lockfileVersion": 2,
  "requires": true,
  "packages": {
    "": {
      "name": "nested_property_lib",
      "version": "1.0.0",
      "license": "ISC",
      "dependencies": {
        "nested-property": "0.0.5"
      },
      "devDependencies": {}
    },
    "node_modules/nested-property": {
      "version": "0.0.5",
      "resolved": "https://registry.npmjs.org/nested-property/-/nested-property-0.0.5.tgz",
      "integrity": "sha1-WZTrWbnR9PkwyDL3H7VcKhXdNrk="
    }
  },
  "dependencies": {
    "nested-property": {
      "version": "0.0.5",
      "resolved": "https://registry.npmjs.org/nested-property/-/nested-property-0.0.5.tgz",
      "integrity": "sha1-WZTrWbnR9PkwyDL3H7VcKhXdNrk="
    }
  }
}
