{
  "name": "set_deep_prop_lib",
  "version": "1.0.0",
  "lockfileVersion": 2,
  "requires": true,
  "packages": {
    "": {
      "name": "set_deep_prop_lib",
      "version": "1.0.0",
      "license": "ISC",
      "dependencies": {
        "set-deep-prop": "1.0.0"
      },
      "devDependencies": {}
    },
    "node_modules/set-deep-prop": {
      "version": "1.0.0",
      "resolved": "https://registry.npmjs.org/set-deep-prop/-/set-deep-prop-1.0.0.tgz",
      "integrity": "sha1-Qh6/ZJwbLqw6bloP2F8/StK6VB8="
    }
  },
  "dependencies": {
    "set-deep-prop": {
      "version": "1.0.0",
      "resolved": "https://registry.npmjs.org/set-deep-prop/-/set-deep-prop-1.0.0.tgz",
      "integrity": "sha1-Qh6/ZJwbLqw6bloP2F8/StK6VB8="
    }
  }
}
